// !$*UTF8*$!
{
	archiveVersion = 1;
	classes = {
	};
	objectVersion = 46;
	objects = {

/* Begin PBXBuildFile section */
		7244712A81FA9B4EA164A8FA /* Pods_TaskHero.framework in Frameworks */ = {isa = PBXBuildFile; fileRef = 6291454E42D1009C8C01A53F /* Pods_TaskHero.framework */; };
		AF02C3681DB9CDB400E1496E /* TextfieldExtension.swift in Sources */ = {isa = PBXBuildFile; fileRef = AF02C3671DB9CDB400E1496E /* TextfieldExtension.swift */; };
		AF18D86F1DBD81BA002A3372 /* TaskHeaderCell.swift in Sources */ = {isa = PBXBuildFile; fileRef = AF18D86E1DBD81BA002A3372 /* TaskHeaderCell.swift */; };
		AF5CA4531DBA132F002E4787 /* ProfileDataCellModel.swift in Sources */ = {isa = PBXBuildFile; fileRef = AF5CA4521DBA132F002E4787 /* ProfileDataCellModel.swift */; };
		AF5CCF931DB735E900F5351C /* LoadingView.swift in Sources */ = {isa = PBXBuildFile; fileRef = AF5CCF921DB735E900F5351C /* LoadingView.swift */; };
		AFA3CE831DB58DCC003266CA /* AddTaskView.swift in Sources */ = {isa = PBXBuildFile; fileRef = AFA3CE7C1DB58DCC003266CA /* AddTaskView.swift */; };
		AFA3CE851DB58DCC003266CA /* Constants.swift in Sources */ = {isa = PBXBuildFile; fileRef = AFA3CE7E1DB58DCC003266CA /* Constants.swift */; };
		AFA3CE861DB58DCC003266CA /* InitialView.swift in Sources */ = {isa = PBXBuildFile; fileRef = AFA3CE7F1DB58DCC003266CA /* InitialView.swift */; };
		AFA3CE871DB58DCC003266CA /* LoginView.swift in Sources */ = {isa = PBXBuildFile; fileRef = AFA3CE801DB58DCC003266CA /* LoginView.swift */; };
		AFA3CE881DB58DCC003266CA /* ProfilePictureView.swift in Sources */ = {isa = PBXBuildFile; fileRef = AFA3CE811DB58DCC003266CA /* ProfilePictureView.swift */; };
		AFA3CE891DB58DCC003266CA /* SignupView.swift in Sources */ = {isa = PBXBuildFile; fileRef = AFA3CE821DB58DCC003266CA /* SignupView.swift */; };
		AFA3CE8C1DB58DF1003266CA /* DB.swift in Sources */ = {isa = PBXBuildFile; fileRef = AFA3CE8B1DB58DF1003266CA /* DB.swift */; };
		AFA3CE981DB58E0E003266CA /* AddTaskViewController.swift in Sources */ = {isa = PBXBuildFile; fileRef = AFA3CE8E1DB58E0E003266CA /* AddTaskViewController.swift */; };
		AFA3CE991DB58E0E003266CA /* HomeViewController.swift in Sources */ = {isa = PBXBuildFile; fileRef = AFA3CE8F1DB58E0E003266CA /* HomeViewController.swift */; };
		AFA3CE9A1DB58E0E003266CA /* LoginViewController.swift in Sources */ = {isa = PBXBuildFile; fileRef = AFA3CE901DB58E0E003266CA /* LoginViewController.swift */; };
		AFA3CE9B1DB58E0E003266CA /* ProfileViewController.swift in Sources */ = {isa = PBXBuildFile; fileRef = AFA3CE911DB58E0E003266CA /* ProfileViewController.swift */; };
		AFA3CE9C1DB58E0E003266CA /* RootContainerViewController.swift in Sources */ = {isa = PBXBuildFile; fileRef = AFA3CE921DB58E0E003266CA /* RootContainerViewController.swift */; };
		AFA3CE9D1DB58E0E003266CA /* SettingsViewController.swift in Sources */ = {isa = PBXBuildFile; fileRef = AFA3CE931DB58E0E003266CA /* SettingsViewController.swift */; };
		AFA3CE9E1DB58E0E003266CA /* SignupViewController.swift in Sources */ = {isa = PBXBuildFile; fileRef = AFA3CE941DB58E0E003266CA /* SignupViewController.swift */; };
		AFA3CE9F1DB58E0E003266CA /* SplashViewController.swift in Sources */ = {isa = PBXBuildFile; fileRef = AFA3CE951DB58E0E003266CA /* SplashViewController.swift */; };
		AFA3CEA01DB58E0E003266CA /* TabBarController.swift in Sources */ = {isa = PBXBuildFile; fileRef = AFA3CE961DB58E0E003266CA /* TabBarController.swift */; };
		AFA3CEA11DB58E0E003266CA /* TaskListViewController.swift in Sources */ = {isa = PBXBuildFile; fileRef = AFA3CE971DB58E0E003266CA /* TaskListViewController.swift */; };
		AFA3CEA61DB58E28003266CA /* DataStore.swift in Sources */ = {isa = PBXBuildFile; fileRef = AFA3CEA31DB58E28003266CA /* DataStore.swift */; };
		AFA3CEA71DB58E28003266CA /* Task.swift in Sources */ = {isa = PBXBuildFile; fileRef = AFA3CEA41DB58E28003266CA /* Task.swift */; };
		AFA3CEA81DB58E28003266CA /* User.swift in Sources */ = {isa = PBXBuildFile; fileRef = AFA3CEA51DB58E28003266CA /* User.swift */; };
		AFA3CEAE1DB58E43003266CA /* NSDate+Extension.swift in Sources */ = {isa = PBXBuildFile; fileRef = AFA3CEAA1DB58E43003266CA /* NSDate+Extension.swift */; };
		AFA3CEAF1DB58E43003266CA /* String+Extension.swift in Sources */ = {isa = PBXBuildFile; fileRef = AFA3CEAB1DB58E43003266CA /* String+Extension.swift */; };
		AFA3CEB01DB58E43003266CA /* UIColorExtension.swift in Sources */ = {isa = PBXBuildFile; fileRef = AFA3CEAC1DB58E43003266CA /* UIColorExtension.swift */; };
		AFA3CEB11DB58E43003266CA /* UserDefaults+Extension.swift in Sources */ = {isa = PBXBuildFile; fileRef = AFA3CEAD1DB58E43003266CA /* UserDefaults+Extension.swift */; };
		AFA3CEB41DB58E58003266CA /* GoogleService-Info.plist in Resources */ = {isa = PBXBuildFile; fileRef = AFA3CEB31DB58E58003266CA /* GoogleService-Info.plist */; };
		AFA3CEBC1DB58F16003266CA /* ProfileBannerCell.swift in Sources */ = {isa = PBXBuildFile; fileRef = AFA3CEB51DB58F15003266CA /* ProfileBannerCell.swift */; };
		AFA3CEBD1DB58F16003266CA /* ProfileDataCell.swift in Sources */ = {isa = PBXBuildFile; fileRef = AFA3CEB61DB58F15003266CA /* ProfileDataCell.swift */; };
		AFA3CEBE1DB58F16003266CA /* ProfileHeaderCell.swift in Sources */ = {isa = PBXBuildFile; fileRef = AFA3CEB71DB58F15003266CA /* ProfileHeaderCell.swift */; };
		AFA3CEBF1DB58F16003266CA /* TaskCell.swift in Sources */ = {isa = PBXBuildFile; fileRef = AFA3CEB81DB58F15003266CA /* TaskCell.swift */; };
		AFA3CEC01DB58F16003266CA /* TeamBannerCell.swift in Sources */ = {isa = PBXBuildFile; fileRef = AFA3CEB91DB58F15003266CA /* TeamBannerCell.swift */; };
		AFA3CEC11DB58F16003266CA /* TeamDataCell.swift in Sources */ = {isa = PBXBuildFile; fileRef = AFA3CEBA1DB58F16003266CA /* TeamDataCell.swift */; };
		AFA3CEC21DB58F16003266CA /* TeamHeaderCell.swift in Sources */ = {isa = PBXBuildFile; fileRef = AFA3CEBB1DB58F16003266CA /* TeamHeaderCell.swift */; };
		AFE277B51DB58CA2005C9AB5 /* AppDelegate.swift in Sources */ = {isa = PBXBuildFile; fileRef = AFE277B41DB58CA2005C9AB5 /* AppDelegate.swift */; };
		AFE277BC1DB58CA2005C9AB5 /* Assets.xcassets in Resources */ = {isa = PBXBuildFile; fileRef = AFE277BB1DB58CA2005C9AB5 /* Assets.xcassets */; };
		AFE277BF1DB58CA2005C9AB5 /* LaunchScreen.storyboard in Resources */ = {isa = PBXBuildFile; fileRef = AFE277BD1DB58CA2005C9AB5 /* LaunchScreen.storyboard */; };
/* End PBXBuildFile section */

/* Begin PBXFileReference section */
		6291454E42D1009C8C01A53F /* Pods_TaskHero.framework */ = {isa = PBXFileReference; explicitFileType = wrapper.framework; includeInIndex = 0; path = Pods_TaskHero.framework; sourceTree = BUILT_PRODUCTS_DIR; };
		91CD8A86197BE8140B3FABF1 /* Pods-TaskHero.release.xcconfig */ = {isa = PBXFileReference; includeInIndex = 1; lastKnownFileType = text.xcconfig; name = "Pods-TaskHero.release.xcconfig"; path = "Pods/Target Support Files/Pods-TaskHero/Pods-TaskHero.release.xcconfig"; sourceTree = "<group>"; };
		AF02C3671DB9CDB400E1496E /* TextfieldExtension.swift */ = {isa = PBXFileReference; fileEncoding = 4; lastKnownFileType = sourcecode.swift; name = TextfieldExtension.swift; path = Extensions/TextfieldExtension.swift; sourceTree = "<group>"; };
		AF18D86E1DBD81BA002A3372 /* TaskHeaderCell.swift */ = {isa = PBXFileReference; fileEncoding = 4; lastKnownFileType = sourcecode.swift; name = TaskHeaderCell.swift; path = Views/Cells/TaskHeaderCell.swift; sourceTree = "<group>"; };
		AF5CA4521DBA132F002E4787 /* ProfileDataCellModel.swift */ = {isa = PBXFileReference; fileEncoding = 4; lastKnownFileType = sourcecode.swift; name = ProfileDataCellModel.swift; path = ViewModel/ProfileDataCellModel.swift; sourceTree = "<group>"; };
		AF5CCF921DB735E900F5351C /* LoadingView.swift */ = {isa = PBXFileReference; fileEncoding = 4; lastKnownFileType = sourcecode.swift; name = LoadingView.swift; path = Views/LoadingView.swift; sourceTree = "<group>"; };
		AFA3CE7C1DB58DCC003266CA /* AddTaskView.swift */ = {isa = PBXFileReference; fileEncoding = 4; lastKnownFileType = sourcecode.swift; name = AddTaskView.swift; path = Views/AddTaskView.swift; sourceTree = "<group>"; };
		AFA3CE7E1DB58DCC003266CA /* Constants.swift */ = {isa = PBXFileReference; fileEncoding = 4; lastKnownFileType = sourcecode.swift; name = Constants.swift; path = Views/Constants.swift; sourceTree = "<group>"; };
		AFA3CE7F1DB58DCC003266CA /* InitialView.swift */ = {isa = PBXFileReference; fileEncoding = 4; lastKnownFileType = sourcecode.swift; name = InitialView.swift; path = Views/InitialView.swift; sourceTree = "<group>"; };
		AFA3CE801DB58DCC003266CA /* LoginView.swift */ = {isa = PBXFileReference; fileEncoding = 4; lastKnownFileType = sourcecode.swift; name = LoginView.swift; path = Views/LoginView.swift; sourceTree = "<group>"; };
		AFA3CE811DB58DCC003266CA /* ProfilePictureView.swift */ = {isa = PBXFileReference; fileEncoding = 4; lastKnownFileType = sourcecode.swift; name = ProfilePictureView.swift; path = Views/ProfilePictureView.swift; sourceTree = "<group>"; };
		AFA3CE821DB58DCC003266CA /* SignupView.swift */ = {isa = PBXFileReference; fileEncoding = 4; lastKnownFileType = sourcecode.swift; name = SignupView.swift; path = Views/SignupView.swift; sourceTree = "<group>"; };
		AFA3CE8B1DB58DF1003266CA /* DB.swift */ = {isa = PBXFileReference; fileEncoding = 4; lastKnownFileType = sourcecode.swift; name = DB.swift; path = Utilties/DB.swift; sourceTree = "<group>"; };
		AFA3CE8E1DB58E0E003266CA /* AddTaskViewController.swift */ = {isa = PBXFileReference; fileEncoding = 4; lastKnownFileType = sourcecode.swift; name = AddTaskViewController.swift; path = Controllers/AddTaskViewController.swift; sourceTree = "<group>"; };
		AFA3CE8F1DB58E0E003266CA /* HomeViewController.swift */ = {isa = PBXFileReference; fileEncoding = 4; lastKnownFileType = sourcecode.swift; name = HomeViewController.swift; path = Controllers/HomeViewController.swift; sourceTree = "<group>"; };
		AFA3CE901DB58E0E003266CA /* LoginViewController.swift */ = {isa = PBXFileReference; fileEncoding = 4; lastKnownFileType = sourcecode.swift; name = LoginViewController.swift; path = Controllers/LoginViewController.swift; sourceTree = "<group>"; };
		AFA3CE911DB58E0E003266CA /* ProfileViewController.swift */ = {isa = PBXFileReference; fileEncoding = 4; lastKnownFileType = sourcecode.swift; name = ProfileViewController.swift; path = Controllers/ProfileViewController.swift; sourceTree = "<group>"; };
		AFA3CE921DB58E0E003266CA /* RootContainerViewController.swift */ = {isa = PBXFileReference; fileEncoding = 4; lastKnownFileType = sourcecode.swift; name = RootContainerViewController.swift; path = Controllers/RootContainerViewController.swift; sourceTree = "<group>"; };
		AFA3CE931DB58E0E003266CA /* SettingsViewController.swift */ = {isa = PBXFileReference; fileEncoding = 4; lastKnownFileType = sourcecode.swift; name = SettingsViewController.swift; path = Controllers/SettingsViewController.swift; sourceTree = "<group>"; };
		AFA3CE941DB58E0E003266CA /* SignupViewController.swift */ = {isa = PBXFileReference; fileEncoding = 4; lastKnownFileType = sourcecode.swift; name = SignupViewController.swift; path = Controllers/SignupViewController.swift; sourceTree = "<group>"; };
		AFA3CE951DB58E0E003266CA /* SplashViewController.swift */ = {isa = PBXFileReference; fileEncoding = 4; lastKnownFileType = sourcecode.swift; name = SplashViewController.swift; path = Controllers/SplashViewController.swift; sourceTree = "<group>"; };
		AFA3CE961DB58E0E003266CA /* TabBarController.swift */ = {isa = PBXFileReference; fileEncoding = 4; lastKnownFileType = sourcecode.swift; name = TabBarController.swift; path = Controllers/TabBarController.swift; sourceTree = "<group>"; };
		AFA3CE971DB58E0E003266CA /* TaskListViewController.swift */ = {isa = PBXFileReference; fileEncoding = 4; lastKnownFileType = sourcecode.swift; name = TaskListViewController.swift; path = Controllers/TaskListViewController.swift; sourceTree = "<group>"; };
		AFA3CEA31DB58E28003266CA /* DataStore.swift */ = {isa = PBXFileReference; fileEncoding = 4; lastKnownFileType = sourcecode.swift; name = DataStore.swift; path = Models/DataStore.swift; sourceTree = "<group>"; };
		AFA3CEA41DB58E28003266CA /* Task.swift */ = {isa = PBXFileReference; fileEncoding = 4; lastKnownFileType = sourcecode.swift; name = Task.swift; path = Models/Task.swift; sourceTree = "<group>"; };
		AFA3CEA51DB58E28003266CA /* User.swift */ = {isa = PBXFileReference; fileEncoding = 4; lastKnownFileType = sourcecode.swift; name = User.swift; path = Models/User.swift; sourceTree = "<group>"; };
		AFA3CEAA1DB58E43003266CA /* NSDate+Extension.swift */ = {isa = PBXFileReference; fileEncoding = 4; lastKnownFileType = sourcecode.swift; name = "NSDate+Extension.swift"; path = "Extensions/NSDate+Extension.swift"; sourceTree = "<group>"; };
		AFA3CEAB1DB58E43003266CA /* String+Extension.swift */ = {isa = PBXFileReference; fileEncoding = 4; lastKnownFileType = sourcecode.swift; name = "String+Extension.swift"; path = "Extensions/String+Extension.swift"; sourceTree = "<group>"; };
		AFA3CEAC1DB58E43003266CA /* UIColorExtension.swift */ = {isa = PBXFileReference; fileEncoding = 4; lastKnownFileType = sourcecode.swift; name = UIColorExtension.swift; path = Extensions/UIColorExtension.swift; sourceTree = "<group>"; };
		AFA3CEAD1DB58E43003266CA /* UserDefaults+Extension.swift */ = {isa = PBXFileReference; fileEncoding = 4; lastKnownFileType = sourcecode.swift; name = "UserDefaults+Extension.swift"; path = "Extensions/UserDefaults+Extension.swift"; sourceTree = "<group>"; };
		AFA3CEB31DB58E58003266CA /* GoogleService-Info.plist */ = {isa = PBXFileReference; fileEncoding = 4; lastKnownFileType = text.plist.xml; path = "GoogleService-Info.plist"; sourceTree = "<group>"; };
		AFA3CEB51DB58F15003266CA /* ProfileBannerCell.swift */ = {isa = PBXFileReference; fileEncoding = 4; lastKnownFileType = sourcecode.swift; name = ProfileBannerCell.swift; path = Views/Cells/ProfileBannerCell.swift; sourceTree = "<group>"; };
		AFA3CEB61DB58F15003266CA /* ProfileDataCell.swift */ = {isa = PBXFileReference; fileEncoding = 4; lastKnownFileType = sourcecode.swift; name = ProfileDataCell.swift; path = Views/Cells/ProfileDataCell.swift; sourceTree = "<group>"; };
		AFA3CEB71DB58F15003266CA /* ProfileHeaderCell.swift */ = {isa = PBXFileReference; fileEncoding = 4; lastKnownFileType = sourcecode.swift; name = ProfileHeaderCell.swift; path = Views/Cells/ProfileHeaderCell.swift; sourceTree = "<group>"; };
		AFA3CEB81DB58F15003266CA /* TaskCell.swift */ = {isa = PBXFileReference; fileEncoding = 4; lastKnownFileType = sourcecode.swift; name = TaskCell.swift; path = Views/Cells/TaskCell.swift; sourceTree = "<group>"; };
		AFA3CEB91DB58F15003266CA /* TeamBannerCell.swift */ = {isa = PBXFileReference; fileEncoding = 4; lastKnownFileType = sourcecode.swift; name = TeamBannerCell.swift; path = Views/Cells/TeamBannerCell.swift; sourceTree = "<group>"; };
		AFA3CEBA1DB58F16003266CA /* TeamDataCell.swift */ = {isa = PBXFileReference; fileEncoding = 4; lastKnownFileType = sourcecode.swift; name = TeamDataCell.swift; path = Views/Cells/TeamDataCell.swift; sourceTree = "<group>"; };
		AFA3CEBB1DB58F16003266CA /* TeamHeaderCell.swift */ = {isa = PBXFileReference; fileEncoding = 4; lastKnownFileType = sourcecode.swift; name = TeamHeaderCell.swift; path = Views/Cells/TeamHeaderCell.swift; sourceTree = "<group>"; };
		AFE277B11DB58CA2005C9AB5 /* TaskHero.app */ = {isa = PBXFileReference; explicitFileType = wrapper.application; includeInIndex = 0; path = TaskHero.app; sourceTree = BUILT_PRODUCTS_DIR; };
		AFE277B41DB58CA2005C9AB5 /* AppDelegate.swift */ = {isa = PBXFileReference; lastKnownFileType = sourcecode.swift; path = AppDelegate.swift; sourceTree = "<group>"; };
		AFE277BB1DB58CA2005C9AB5 /* Assets.xcassets */ = {isa = PBXFileReference; lastKnownFileType = folder.assetcatalog; path = Assets.xcassets; sourceTree = "<group>"; };
		AFE277BE1DB58CA2005C9AB5 /* Base */ = {isa = PBXFileReference; lastKnownFileType = file.storyboard; name = Base; path = Base.lproj/LaunchScreen.storyboard; sourceTree = "<group>"; };
		AFE277C01DB58CA2005C9AB5 /* Info.plist */ = {isa = PBXFileReference; lastKnownFileType = text.plist.xml; path = Info.plist; sourceTree = "<group>"; };
		BB06DFD95BAD81D44FFB21D5 /* Pods-TaskHero.debug.xcconfig */ = {isa = PBXFileReference; includeInIndex = 1; lastKnownFileType = text.xcconfig; name = "Pods-TaskHero.debug.xcconfig"; path = "Pods/Target Support Files/Pods-TaskHero/Pods-TaskHero.debug.xcconfig"; sourceTree = "<group>"; };
/* End PBXFileReference section */

/* Begin PBXFrameworksBuildPhase section */
		AFE277AE1DB58CA2005C9AB5 /* Frameworks */ = {
			isa = PBXFrameworksBuildPhase;
			buildActionMask = 2147483647;
			files = (
				7244712A81FA9B4EA164A8FA /* Pods_TaskHero.framework in Frameworks */,
			);
			runOnlyForDeploymentPostprocessing = 0;
		};
/* End PBXFrameworksBuildPhase section */

/* Begin PBXGroup section */
		32A0D354D912F6F8E761029F /* Frameworks */ = {
			isa = PBXGroup;
			children = (
				6291454E42D1009C8C01A53F /* Pods_TaskHero.framework */,
			);
			name = Frameworks;
			sourceTree = "<group>";
		};
		965D6B7FFE51D9CB52C88246 /* Pods */ = {
			isa = PBXGroup;
			children = (
				BB06DFD95BAD81D44FFB21D5 /* Pods-TaskHero.debug.xcconfig */,
				91CD8A86197BE8140B3FABF1 /* Pods-TaskHero.release.xcconfig */,
			);
			name = Pods;
			sourceTree = "<group>";
		};
		AF18D86C1DBD8165002A3372 /* Profile */ = {
			isa = PBXGroup;
			children = (
				AFA3CEB51DB58F15003266CA /* ProfileBannerCell.swift */,
				AFA3CEB61DB58F15003266CA /* ProfileDataCell.swift */,
				AFA3CEB71DB58F15003266CA /* ProfileHeaderCell.swift */,
			);
			name = Profile;
			sourceTree = "<group>";
		};
		AF18D86D1DBD816E002A3372 /* Team */ = {
			isa = PBXGroup;
			children = (
				AFA3CEB91DB58F15003266CA /* TeamBannerCell.swift */,
				AFA3CEBA1DB58F16003266CA /* TeamDataCell.swift */,
				AFA3CEBB1DB58F16003266CA /* TeamHeaderCell.swift */,
			);
			name = Team;
			sourceTree = "<group>";
		};
		AF5CA4541DBA133A002E4787 /* ViewModel */ = {
			isa = PBXGroup;
			children = (
				AF5CA4521DBA132F002E4787 /* ProfileDataCellModel.swift */,
			);
			name = ViewModel;
			sourceTree = "<group>";
		};
		AFA3CE8A1DB58DDB003266CA /* Views */ = {
			isa = PBXGroup;
			children = (
				AFA3CEC31DB58F1C003266CA /* Cells */,
				AFA3CE7C1DB58DCC003266CA /* AddTaskView.swift */,
				AFA3CE7E1DB58DCC003266CA /* Constants.swift */,
				AFA3CE7F1DB58DCC003266CA /* InitialView.swift */,
				AFA3CE801DB58DCC003266CA /* LoginView.swift */,
				AFA3CE811DB58DCC003266CA /* ProfilePictureView.swift */,
				AFA3CE821DB58DCC003266CA /* SignupView.swift */,
				AF5CCF921DB735E900F5351C /* LoadingView.swift */,
			);
			name = Views;
			sourceTree = "<group>";
		};
		AFA3CE8D1DB58DF7003266CA /* Utilties */ = {
			isa = PBXGroup;
			children = (
				AFA3CE8B1DB58DF1003266CA /* DB.swift */,
			);
			name = Utilties;
			sourceTree = "<group>";
		};
		AFA3CEA21DB58E15003266CA /* Controllers */ = {
			isa = PBXGroup;
			children = (
				AFA3CE8E1DB58E0E003266CA /* AddTaskViewController.swift */,
				AFA3CE8F1DB58E0E003266CA /* HomeViewController.swift */,
				AFA3CE901DB58E0E003266CA /* LoginViewController.swift */,
				AFA3CE911DB58E0E003266CA /* ProfileViewController.swift */,
				AFA3CE921DB58E0E003266CA /* RootContainerViewController.swift */,
				AFA3CE931DB58E0E003266CA /* SettingsViewController.swift */,
				AFA3CE941DB58E0E003266CA /* SignupViewController.swift */,
				AFA3CE951DB58E0E003266CA /* SplashViewController.swift */,
				AFA3CE961DB58E0E003266CA /* TabBarController.swift */,
				AFA3CE971DB58E0E003266CA /* TaskListViewController.swift */,
			);
			name = Controllers;
			sourceTree = "<group>";
		};
		AFA3CEA91DB58E2E003266CA /* Models */ = {
			isa = PBXGroup;
			children = (
				AFA3CEA31DB58E28003266CA /* DataStore.swift */,
				AFA3CEA41DB58E28003266CA /* Task.swift */,
				AFA3CEA51DB58E28003266CA /* User.swift */,
			);
			name = Models;
			sourceTree = "<group>";
		};
		AFA3CEB21DB58E49003266CA /* Extensions */ = {
			isa = PBXGroup;
			children = (
				AFA3CEAA1DB58E43003266CA /* NSDate+Extension.swift */,
				AFA3CEAB1DB58E43003266CA /* String+Extension.swift */,
				AFA3CEAC1DB58E43003266CA /* UIColorExtension.swift */,
				AFA3CEAD1DB58E43003266CA /* UserDefaults+Extension.swift */,
				AF02C3671DB9CDB400E1496E /* TextfieldExtension.swift */,
			);
			name = Extensions;
			sourceTree = "<group>";
		};
		AFA3CEC31DB58F1C003266CA /* Cells */ = {
			isa = PBXGroup;
			children = (
				AF18D86C1DBD8165002A3372 /* Profile */,
				AFE9E6BF1DBDA76E0023C232 /* Task */,
				AF18D86D1DBD816E002A3372 /* Team */,
			);
			name = Cells;
			sourceTree = "<group>";
		};
		AFE277A81DB58CA2005C9AB5 = {
			isa = PBXGroup;
			children = (
				AFE277B31DB58CA2005C9AB5 /* TaskHero */,
				AFE277B21DB58CA2005C9AB5 /* Products */,
				965D6B7FFE51D9CB52C88246 /* Pods */,
				32A0D354D912F6F8E761029F /* Frameworks */,
			);
			sourceTree = "<group>";
		};
		AFE277B21DB58CA2005C9AB5 /* Products */ = {
			isa = PBXGroup;
			children = (
				AFE277B11DB58CA2005C9AB5 /* TaskHero.app */,
			);
			name = Products;
			sourceTree = "<group>";
		};
		AFE277B31DB58CA2005C9AB5 /* TaskHero */ = {
			isa = PBXGroup;
			children = (
				AFA3CEB21DB58E49003266CA /* Extensions */,
				AFA3CEA91DB58E2E003266CA /* Models */,
				AFA3CEA21DB58E15003266CA /* Controllers */,
				AFA3CE8D1DB58DF7003266CA /* Utilties */,
				AFA3CE8A1DB58DDB003266CA /* Views */,
				AFE277B41DB58CA2005C9AB5 /* AppDelegate.swift */,
				AF5CA4541DBA133A002E4787 /* ViewModel */,
				AFE277BB1DB58CA2005C9AB5 /* Assets.xcassets */,
				AFE277BD1DB58CA2005C9AB5 /* LaunchScreen.storyboard */,
				AFE277C01DB58CA2005C9AB5 /* Info.plist */,
				AFA3CEB31DB58E58003266CA /* GoogleService-Info.plist */,
			);
			path = TaskHero;
			sourceTree = "<group>";
		};
		AFE9E6BF1DBDA76E0023C232 /* Task */ = {
			isa = PBXGroup;
			children = (
				AFA3CEB81DB58F15003266CA /* TaskCell.swift */,
				AF18D86E1DBD81BA002A3372 /* TaskHeaderCell.swift */,
			);
			name = Task;
			sourceTree = "<group>";
		};
/* End PBXGroup section */

/* Begin PBXNativeTarget section */
		AFE277B01DB58CA2005C9AB5 /* TaskHero */ = {
			isa = PBXNativeTarget;
			buildConfigurationList = AFE277C31DB58CA2005C9AB5 /* Build configuration list for PBXNativeTarget "TaskHero" */;
			buildPhases = (
				E5173A55AD43B3193540FBF3 /* [CP] Check Pods Manifest.lock */,
				AFE277AD1DB58CA2005C9AB5 /* Sources */,
				AFE277AE1DB58CA2005C9AB5 /* Frameworks */,
				AFE277AF1DB58CA2005C9AB5 /* Resources */,
				6AB04827AB82F5F75E5F9081 /* [CP] Embed Pods Frameworks */,
				7A82D4CAC6B4BD9A8499793B /* [CP] Copy Pods Resources */,
			);
			buildRules = (
			);
			dependencies = (
			);
			name = TaskHero;
			productName = TaskHero;
			productReference = AFE277B11DB58CA2005C9AB5 /* TaskHero.app */;
			productType = "com.apple.product-type.application";
		};
/* End PBXNativeTarget section */

/* Begin PBXProject section */
		AFE277A91DB58CA2005C9AB5 /* Project object */ = {
			isa = PBXProject;
			attributes = {
				LastSwiftUpdateCheck = 0800;
				LastUpgradeCheck = 0800;
				ORGANIZATIONNAME = "Christopher Webb-Orenstein";
				TargetAttributes = {
					AFE277B01DB58CA2005C9AB5 = {
						CreatedOnToolsVersion = 8.0;
						DevelopmentTeam = 4SZP4Q326F;
						ProvisioningStyle = Automatic;
					};
				};
			};
			buildConfigurationList = AFE277AC1DB58CA2005C9AB5 /* Build configuration list for PBXProject "TaskHero" */;
			compatibilityVersion = "Xcode 3.2";
			developmentRegion = English;
			hasScannedForEncodings = 0;
			knownRegions = (
				en,
				Base,
			);
			mainGroup = AFE277A81DB58CA2005C9AB5;
			productRefGroup = AFE277B21DB58CA2005C9AB5 /* Products */;
			projectDirPath = "";
			projectRoot = "";
			targets = (
				AFE277B01DB58CA2005C9AB5 /* TaskHero */,
			);
		};
/* End PBXProject section */

/* Begin PBXResourcesBuildPhase section */
		AFE277AF1DB58CA2005C9AB5 /* Resources */ = {
			isa = PBXResourcesBuildPhase;
			buildActionMask = 2147483647;
			files = (
				AFE277BF1DB58CA2005C9AB5 /* LaunchScreen.storyboard in Resources */,
				AFA3CEB41DB58E58003266CA /* GoogleService-Info.plist in Resources */,
				AFE277BC1DB58CA2005C9AB5 /* Assets.xcassets in Resources */,
			);
			runOnlyForDeploymentPostprocessing = 0;
		};
/* End PBXResourcesBuildPhase section */

/* Begin PBXShellScriptBuildPhase section */
		6AB04827AB82F5F75E5F9081 /* [CP] Embed Pods Frameworks */ = {
			isa = PBXShellScriptBuildPhase;
			buildActionMask = 2147483647;
			files = (
			);
			inputPaths = (
			);
			name = "[CP] Embed Pods Frameworks";
			outputPaths = (
			);
			runOnlyForDeploymentPostprocessing = 0;
			shellPath = /bin/sh;
			shellScript = "\"${SRCROOT}/Pods/Target Support Files/Pods-TaskHero/Pods-TaskHero-frameworks.sh\"\n";
			showEnvVarsInLog = 0;
		};
		7A82D4CAC6B4BD9A8499793B /* [CP] Copy Pods Resources */ = {
			isa = PBXShellScriptBuildPhase;
			buildActionMask = 2147483647;
			files = (
			);
			inputPaths = (
			);
			name = "[CP] Copy Pods Resources";
			outputPaths = (
			);
			runOnlyForDeploymentPostprocessing = 0;
			shellPath = /bin/sh;
			shellScript = "\"${SRCROOT}/Pods/Target Support Files/Pods-TaskHero/Pods-TaskHero-resources.sh\"\n";
			showEnvVarsInLog = 0;
		};
		E5173A55AD43B3193540FBF3 /* [CP] Check Pods Manifest.lock */ = {
			isa = PBXShellScriptBuildPhase;
			buildActionMask = 2147483647;
			files = (
			);
			inputPaths = (
			);
			name = "[CP] Check Pods Manifest.lock";
			outputPaths = (
			);
			runOnlyForDeploymentPostprocessing = 0;
			shellPath = /bin/sh;
			shellScript = "diff \"${PODS_ROOT}/../Podfile.lock\" \"${PODS_ROOT}/Manifest.lock\" > /dev/null\nif [ $? != 0 ] ; then\n    # print error to STDERR\n    echo \"error: The sandbox is not in sync with the Podfile.lock. Run 'pod install' or update your CocoaPods installation.\" >&2\n    exit 1\nfi\n";
			showEnvVarsInLog = 0;
		};
/* End PBXShellScriptBuildPhase section */

/* Begin PBXSourcesBuildPhase section */
		AFE277AD1DB58CA2005C9AB5 /* Sources */ = {
			isa = PBXSourcesBuildPhase;
			buildActionMask = 2147483647;
			files = (
				AFA3CE9A1DB58E0E003266CA /* LoginViewController.swift in Sources */,
				AFA3CE871DB58DCC003266CA /* LoginView.swift in Sources */,
				AFA3CEC01DB58F16003266CA /* TeamBannerCell.swift in Sources */,
				AF5CA4531DBA132F002E4787 /* ProfileDataCellModel.swift in Sources */,
				AFA3CEA11DB58E0E003266CA /* TaskListViewController.swift in Sources */,
				AFA3CE9C1DB58E0E003266CA /* RootContainerViewController.swift in Sources */,
				AFA3CEAE1DB58E43003266CA /* NSDate+Extension.swift in Sources */,
				AF18D86F1DBD81BA002A3372 /* TaskHeaderCell.swift in Sources */,
				AFA3CEBF1DB58F16003266CA /* TaskCell.swift in Sources */,
				AFA3CEA01DB58E0E003266CA /* TabBarController.swift in Sources */,
				AFA3CE9F1DB58E0E003266CA /* SplashViewController.swift in Sources */,
				AFA3CE881DB58DCC003266CA /* ProfilePictureView.swift in Sources */,
				AFA3CE8C1DB58DF1003266CA /* DB.swift in Sources */,
				AFA3CE831DB58DCC003266CA /* AddTaskView.swift in Sources */,
				AFA3CEA81DB58E28003266CA /* User.swift in Sources */,
				AFA3CE891DB58DCC003266CA /* SignupView.swift in Sources */,
				AF5CCF931DB735E900F5351C /* LoadingView.swift in Sources */,
				AFA3CE9D1DB58E0E003266CA /* SettingsViewController.swift in Sources */,
				AFE277B51DB58CA2005C9AB5 /* AppDelegate.swift in Sources */,
				AFA3CEA61DB58E28003266CA /* DataStore.swift in Sources */,
				AFA3CEAF1DB58E43003266CA /* String+Extension.swift in Sources */,
				AFA3CEBE1DB58F16003266CA /* ProfileHeaderCell.swift in Sources */,
				AFA3CEB01DB58E43003266CA /* UIColorExtension.swift in Sources */,
				AFA3CEBC1DB58F16003266CA /* ProfileBannerCell.swift in Sources */,
				AFA3CE9E1DB58E0E003266CA /* SignupViewController.swift in Sources */,
				AFA3CE991DB58E0E003266CA /* HomeViewController.swift in Sources */,
				AFA3CE861DB58DCC003266CA /* InitialView.swift in Sources */,
				AFA3CEC11DB58F16003266CA /* TeamDataCell.swift in Sources */,
				AFA3CE9B1DB58E0E003266CA /* ProfileViewController.swift in Sources */,
				AF02C3681DB9CDB400E1496E /* TextfieldExtension.swift in Sources */,
				AFA3CEB11DB58E43003266CA /* UserDefaults+Extension.swift in Sources */,
				AFA3CE851DB58DCC003266CA /* Constants.swift in Sources */,
				AFA3CEA71DB58E28003266CA /* Task.swift in Sources */,
				AFA3CEBD1DB58F16003266CA /* ProfileDataCell.swift in Sources */,
				AFA3CE981DB58E0E003266CA /* AddTaskViewController.swift in Sources */,
				AFA3CEC21DB58F16003266CA /* TeamHeaderCell.swift in Sources */,
			);
			runOnlyForDeploymentPostprocessing = 0;
		};
/* End PBXSourcesBuildPhase section */

/* Begin PBXVariantGroup section */
		AFE277BD1DB58CA2005C9AB5 /* LaunchScreen.storyboard */ = {
			isa = PBXVariantGroup;
			children = (
				AFE277BE1DB58CA2005C9AB5 /* Base */,
			);
			name = LaunchScreen.storyboard;
			sourceTree = "<group>";
		};
/* End PBXVariantGroup section */

/* Begin XCBuildConfiguration section */
		AFE277C11DB58CA2005C9AB5 /* Debug */ = {
			isa = XCBuildConfiguration;
			buildSettings = {
				ALWAYS_SEARCH_USER_PATHS = NO;
				CLANG_ANALYZER_NONNULL = YES;
				CLANG_CXX_LANGUAGE_STANDARD = "gnu++0x";
				CLANG_CXX_LIBRARY = "libc++";
				CLANG_ENABLE_MODULES = YES;
				CLANG_ENABLE_OBJC_ARC = YES;
				CLANG_WARN_BOOL_CONVERSION = YES;
				CLANG_WARN_CONSTANT_CONVERSION = YES;
				CLANG_WARN_DIRECT_OBJC_ISA_USAGE = YES_ERROR;
				CLANG_WARN_DOCUMENTATION_COMMENTS = YES;
				CLANG_WARN_EMPTY_BODY = YES;
				CLANG_WARN_ENUM_CONVERSION = YES;
				CLANG_WARN_INFINITE_RECURSION = YES;
				CLANG_WARN_INT_CONVERSION = YES;
				CLANG_WARN_OBJC_ROOT_CLASS = YES_ERROR;
				CLANG_WARN_SUSPICIOUS_MOVE = YES;
				CLANG_WARN_SUSPICIOUS_MOVES = YES;
				CLANG_WARN_UNREACHABLE_CODE = YES;
				CLANG_WARN__DUPLICATE_METHOD_MATCH = YES;
				"CODE_SIGN_IDENTITY[sdk=iphoneos*]" = "iPhone Developer";
				COPY_PHASE_STRIP = NO;
				DEBUG_INFORMATION_FORMAT = dwarf;
				ENABLE_STRICT_OBJC_MSGSEND = YES;
				ENABLE_TESTABILITY = YES;
				GCC_C_LANGUAGE_STANDARD = gnu99;
				GCC_DYNAMIC_NO_PIC = NO;
				GCC_NO_COMMON_BLOCKS = YES;
				GCC_OPTIMIZATION_LEVEL = 0;
				GCC_PREPROCESSOR_DEFINITIONS = (
					"DEBUG=1",
					"$(inherited)",
				);
				GCC_WARN_64_TO_32_BIT_CONVERSION = YES;
				GCC_WARN_ABOUT_RETURN_TYPE = YES_ERROR;
				GCC_WARN_UNDECLARED_SELECTOR = YES;
				GCC_WARN_UNINITIALIZED_AUTOS = YES_AGGRESSIVE;
				GCC_WARN_UNUSED_FUNCTION = YES;
				GCC_WARN_UNUSED_VARIABLE = YES;
				IPHONEOS_DEPLOYMENT_TARGET = 10.0;
				MTL_ENABLE_DEBUG_INFO = YES;
				ONLY_ACTIVE_ARCH = YES;
				SDKROOT = iphoneos;
				SWIFT_ACTIVE_COMPILATION_CONDITIONS = DEBUG;
				SWIFT_OPTIMIZATION_LEVEL = "-Onone";
			};
			name = Debug;
		};
		AFE277C21DB58CA2005C9AB5 /* Release */ = {
			isa = XCBuildConfiguration;
			buildSettings = {
				ALWAYS_SEARCH_USER_PATHS = NO;
				CLANG_ANALYZER_NONNULL = YES;
				CLANG_CXX_LANGUAGE_STANDARD = "gnu++0x";
				CLANG_CXX_LIBRARY = "libc++";
				CLANG_ENABLE_MODULES = YES;
				CLANG_ENABLE_OBJC_ARC = YES;
				CLANG_WARN_BOOL_CONVERSION = YES;
				CLANG_WARN_CONSTANT_CONVERSION = YES;
				CLANG_WARN_DIRECT_OBJC_ISA_USAGE = YES_ERROR;
				CLANG_WARN_DOCUMENTATION_COMMENTS = YES;
				CLANG_WARN_EMPTY_BODY = YES;
				CLANG_WARN_ENUM_CONVERSION = YES;
				CLANG_WARN_INFINITE_RECURSION = YES;
				CLANG_WARN_INT_CONVERSION = YES;
				CLANG_WARN_OBJC_ROOT_CLASS = YES_ERROR;
				CLANG_WARN_SUSPICIOUS_MOVE = YES;
				CLANG_WARN_SUSPICIOUS_MOVES = YES;
				CLANG_WARN_UNREACHABLE_CODE = YES;
				CLANG_WARN__DUPLICATE_METHOD_MATCH = YES;
				"CODE_SIGN_IDENTITY[sdk=iphoneos*]" = "iPhone Developer";
				COPY_PHASE_STRIP = NO;
				DEBUG_INFORMATION_FORMAT = "dwarf-with-dsym";
				ENABLE_NS_ASSERTIONS = NO;
				ENABLE_STRICT_OBJC_MSGSEND = YES;
				GCC_C_LANGUAGE_STANDARD = gnu99;
				GCC_NO_COMMON_BLOCKS = YES;
				GCC_WARN_64_TO_32_BIT_CONVERSION = YES;
				GCC_WARN_ABOUT_RETURN_TYPE = YES_ERROR;
				GCC_WARN_UNDECLARED_SELECTOR = YES;
				GCC_WARN_UNINITIALIZED_AUTOS = YES_AGGRESSIVE;
				GCC_WARN_UNUSED_FUNCTION = YES;
				GCC_WARN_UNUSED_VARIABLE = YES;
				IPHONEOS_DEPLOYMENT_TARGET = 10.0;
				MTL_ENABLE_DEBUG_INFO = NO;
				SDKROOT = iphoneos;
				SWIFT_OPTIMIZATION_LEVEL = "-Owholemodule";
				VALIDATE_PRODUCT = YES;
			};
			name = Release;
		};
		AFE277C41DB58CA2005C9AB5 /* Debug */ = {
			isa = XCBuildConfiguration;
			baseConfigurationReference = BB06DFD95BAD81D44FFB21D5 /* Pods-TaskHero.debug.xcconfig */;
			buildSettings = {
				ASSETCATALOG_COMPILER_APPICON_NAME = AppIcon;
				ASSETCATALOG_COMPILER_LAUNCHIMAGE_NAME = LaunchImage;
				"CODE_SIGN_IDENTITY[sdk=iphoneos*]" = "iPhone Developer";
				DEVELOPMENT_TEAM = 4SZP4Q326F;
				INFOPLIST_FILE = TaskHero/Info.plist;
				IPHONEOS_DEPLOYMENT_TARGET = 9.3;
				LD_RUNPATH_SEARCH_PATHS = "$(inherited) @executable_path/Frameworks";
				PRODUCT_BUNDLE_IDENTIFIER = com.froleeyo.TaskHero;
				PRODUCT_NAME = "$(TARGET_NAME)";
				PROVISIONING_PROFILE = "";
				PROVISIONING_PROFILE_SPECIFIER = "";
				SWIFT_VERSION = 3.0;
				TARGETED_DEVICE_FAMILY = 1;
			};
			name = Debug;
		};
		AFE277C51DB58CA2005C9AB5 /* Release */ = {
			isa = XCBuildConfiguration;
			baseConfigurationReference = 91CD8A86197BE8140B3FABF1 /* Pods-TaskHero.release.xcconfig */;
			buildSettings = {
				ASSETCATALOG_COMPILER_APPICON_NAME = AppIcon;
				ASSETCATALOG_COMPILER_LAUNCHIMAGE_NAME = LaunchImage;
				"CODE_SIGN_IDENTITY[sdk=iphoneos*]" = "iPhone Developer";
				DEVELOPMENT_TEAM = 4SZP4Q326F;
				INFOPLIST_FILE = TaskHero/Info.plist;
				IPHONEOS_DEPLOYMENT_TARGET = 9.3;
				LD_RUNPATH_SEARCH_PATHS = "$(inherited) @executable_path/Frameworks";
				PRODUCT_BUNDLE_IDENTIFIER = com.froleeyo.TaskHero;
				PRODUCT_NAME = "$(TARGET_NAME)";
				PROVISIONING_PROFILE = "";
				PROVISIONING_PROFILE_SPECIFIER = "";
				SWIFT_VERSION = 3.0;
				TARGETED_DEVICE_FAMILY = 1;
			};
			name = Release;
		};
/* End XCBuildConfiguration section */

/* Begin XCConfigurationList section */
		AFE277AC1DB58CA2005C9AB5 /* Build configuration list for PBXProject "TaskHero" */ = {
			isa = XCConfigurationList;
			buildConfigurations = (
				AFE277C11DB58CA2005C9AB5 /* Debug */,
				AFE277C21DB58CA2005C9AB5 /* Release */,
			);
			defaultConfigurationIsVisible = 0;
			defaultConfigurationName = Release;
		};
		AFE277C31DB58CA2005C9AB5 /* Build configuration list for PBXNativeTarget "TaskHero" */ = {
			isa = XCConfigurationList;
			buildConfigurations = (
				AFE277C41DB58CA2005C9AB5 /* Debug */,
				AFE277C51DB58CA2005C9AB5 /* Release */,
			);
			defaultConfigurationIsVisible = 0;
			defaultConfigurationName = Release;
		};
/* End XCConfigurationList section */
	};
	rootObject = AFE277A91DB58CA2005C9AB5 /* Project object */;
}
