// !$*UTF8*$!
{
	archiveVersion = 1;
	classes = {
	};
	objectVersion = 46;
	objects = {

/* Begin PBXBuildFile section */
		7244712A81FA9B4EA164A8FA /* Pods_TaskHero.framework in Frameworks */ = {isa = PBXBuildFile; fileRef = 6291454E42D1009C8C01A53F /* Pods_TaskHero.framework */; };
		9837089D7DB0FDB5FED29B98 /* Pods_TaskHero_TaskHeroTests.framework in Frameworks */ = {isa = PBXBuildFile; fileRef = 0B048F3A89226F81F83549E5 /* Pods_TaskHero_TaskHeroTests.framework */; };
		A70840001DEABB1700055B72 /* ProfileSettingsView.swift in Sources */ = {isa = PBXBuildFile; fileRef = A7083FFF1DEABB1700055B72 /* ProfileSettingsView.swift */; };
		A70840021DEABB2800055B72 /* ProfileSettingsViewController.swift in Sources */ = {isa = PBXBuildFile; fileRef = A70840011DEABB2800055B72 /* ProfileSettingsViewController.swift */; };
		A70840041DEABBD000055B72 /* FriendsSettingsView.swift in Sources */ = {isa = PBXBuildFile; fileRef = A70840031DEABBD000055B72 /* FriendsSettingsView.swift */; };
		A70840061DEABBE200055B72 /* FriendsSettingsViewController.swift in Sources */ = {isa = PBXBuildFile; fileRef = A70840051DEABBE200055B72 /* FriendsSettingsViewController.swift */; };
		A708400A1DEB180800055B72 /* ProfileSettingsCell.swift in Sources */ = {isa = PBXBuildFile; fileRef = A70840091DEB180800055B72 /* ProfileSettingsCell.swift */; };
		A709CACB1DE7718B00877907 /* LoginView.swift in Sources */ = {isa = PBXBuildFile; fileRef = A709CAC91DE7718B00877907 /* LoginView.swift */; };
		A709CACC1DE7718B00877907 /* LoginViewController.swift in Sources */ = {isa = PBXBuildFile; fileRef = A709CACA1DE7718B00877907 /* LoginViewController.swift */; };
		A709CACE1DE7719E00877907 /* AddTaskViewController.swift in Sources */ = {isa = PBXBuildFile; fileRef = A709CACD1DE7719E00877907 /* AddTaskViewController.swift */; };
		A709CAD01DE771B700877907 /* HomeViewController.swift in Sources */ = {isa = PBXBuildFile; fileRef = A709CACF1DE771B700877907 /* HomeViewController.swift */; };
		A709CAD21DE771E100877907 /* ProfileHeaderCell.swift in Sources */ = {isa = PBXBuildFile; fileRef = A709CAD11DE771E100877907 /* ProfileHeaderCell.swift */; };
		A709CAD41DE771EB00877907 /* ProfileDataCell.swift in Sources */ = {isa = PBXBuildFile; fileRef = A709CAD31DE771EB00877907 /* ProfileDataCell.swift */; };
		A709CAD61DE771F400877907 /* ProfileBannerCell.swift in Sources */ = {isa = PBXBuildFile; fileRef = A709CAD51DE771F400877907 /* ProfileBannerCell.swift */; };
		A709CAD91DE7720200877907 /* TaskCell.swift in Sources */ = {isa = PBXBuildFile; fileRef = A709CAD71DE7720200877907 /* TaskCell.swift */; };
		A709CADC1DE7721300877907 /* Date+Extension.swift in Sources */ = {isa = PBXBuildFile; fileRef = A709CADB1DE7721300877907 /* Date+Extension.swift */; };
		A709CADE1DE7722300877907 /* String+Extension.swift in Sources */ = {isa = PBXBuildFile; fileRef = A709CADD1DE7722300877907 /* String+Extension.swift */; };
		A709CAE01DE7722D00877907 /* UIColorExtension.swift in Sources */ = {isa = PBXBuildFile; fileRef = A709CADF1DE7722D00877907 /* UIColorExtension.swift */; };
		A709CAE21DE7723800877907 /* TextfieldExtension.swift in Sources */ = {isa = PBXBuildFile; fileRef = A709CAE11DE7723800877907 /* TextfieldExtension.swift */; };
		A709CAE41DE7724E00877907 /* UIView+Extension.swift in Sources */ = {isa = PBXBuildFile; fileRef = A709CAE31DE7724E00877907 /* UIView+Extension.swift */; };
		A709CAE61DE7725F00877907 /* SettingsCell.swift in Sources */ = {isa = PBXBuildFile; fileRef = A709CAE51DE7725F00877907 /* SettingsCell.swift */; };
		A709CAEE1DE7727E00877907 /* ProfileDataCellModel.swift in Sources */ = {isa = PBXBuildFile; fileRef = A709CAED1DE7727E00877907 /* ProfileDataCellModel.swift */; };
		A709CAF41DE772CD00877907 /* ProfileViewController.swift in Sources */ = {isa = PBXBuildFile; fileRef = A709CAF31DE772CD00877907 /* ProfileViewController.swift */; };
		A709CAF61DE772EC00877907 /* PopMenu.swift in Sources */ = {isa = PBXBuildFile; fileRef = A709CAF51DE772EC00877907 /* PopMenu.swift */; };
		A709CAF81DE772F700877907 /* AddTaskView.swift in Sources */ = {isa = PBXBuildFile; fileRef = A709CAF71DE772F700877907 /* AddTaskView.swift */; };
		A709CAFC1DE7730D00877907 /* SignupView.swift in Sources */ = {isa = PBXBuildFile; fileRef = A709CAFB1DE7730D00877907 /* SignupView.swift */; };
		A709CAFE1DE7731500877907 /* LoadingView.swift in Sources */ = {isa = PBXBuildFile; fileRef = A709CAFD1DE7731500877907 /* LoadingView.swift */; };
		A709CB001DE7731F00877907 /* Constants.swift in Sources */ = {isa = PBXBuildFile; fileRef = A709CAFF1DE7731F00877907 /* Constants.swift */; };
		A709CB021DE7732800877907 /* UserDataStore.swift in Sources */ = {isa = PBXBuildFile; fileRef = A709CB011DE7732800877907 /* UserDataStore.swift */; };
		A709CB041DE7733300877907 /* User.swift in Sources */ = {isa = PBXBuildFile; fileRef = A709CB031DE7733300877907 /* User.swift */; };
		A709CB061DE7733C00877907 /* Task.swift in Sources */ = {isa = PBXBuildFile; fileRef = A709CB051DE7733C00877907 /* Task.swift */; };
		A709CB0A1DE7735000877907 /* SettingsViewController.swift in Sources */ = {isa = PBXBuildFile; fileRef = A709CB091DE7735000877907 /* SettingsViewController.swift */; };
		A709CB0C1DE7735B00877907 /* SignupViewController.swift in Sources */ = {isa = PBXBuildFile; fileRef = A709CB0B1DE7735B00877907 /* SignupViewController.swift */; };
		A709CB101DE7737100877907 /* TabBarController.swift in Sources */ = {isa = PBXBuildFile; fileRef = A709CB0F1DE7737100877907 /* TabBarController.swift */; };
		A709CB121DE7737800877907 /* TaskListViewController.swift in Sources */ = {isa = PBXBuildFile; fileRef = A709CB111DE7737800877907 /* TaskListViewController.swift */; };
		A70CD5D71E1AD1DC00324DC3 /* LoginViewModel.swift in Sources */ = {isa = PBXBuildFile; fileRef = A70CD5D61E1AD1DC00324DC3 /* LoginViewModel.swift */; };
		A714E1751E3BEA8E0014F990 /* AppScreenView.swift in Sources */ = {isa = PBXBuildFile; fileRef = A714E1741E3BEA8E0014F990 /* AppScreenView.swift */; };
		A714E1771E3BEA980014F990 /* AppScreenViewController.swift in Sources */ = {isa = PBXBuildFile; fileRef = A714E1761E3BEA980014F990 /* AppScreenViewController.swift */; };
		A714E1791E3BF52E0014F990 /* HomeViewModel.swift in Sources */ = {isa = PBXBuildFile; fileRef = A714E1781E3BF52E0014F990 /* HomeViewModel.swift */; };
		A714E17B1E3BFE190014F990 /* TaskListViewModel.swift in Sources */ = {isa = PBXBuildFile; fileRef = A714E17A1E3BFE190014F990 /* TaskListViewModel.swift */; };
		A714E17D1E3D0B8D0014F990 /* AppScreenViewModel.swift in Sources */ = {isa = PBXBuildFile; fileRef = A714E17C1E3D0B8D0014F990 /* AppScreenViewModel.swift */; };
		A71C97891DFF718C00F855AA /* AddTaskViewModel.swift in Sources */ = {isa = PBXBuildFile; fileRef = A71C97881DFF718C00F855AA /* AddTaskViewModel.swift */; };
		A7346D761DE8EC40005E3A5E /* PhotoPickerPopover.swift in Sources */ = {isa = PBXBuildFile; fileRef = A7346D751DE8EC40005E3A5E /* PhotoPickerPopover.swift */; };
		A7346D781DE8EC50005E3A5E /* AlertPopover.swift in Sources */ = {isa = PBXBuildFile; fileRef = A7346D771DE8EC50005E3A5E /* AlertPopover.swift */; };
		A7346D7A1DE90A0F005E3A5E /* PhotoPickerView.swift in Sources */ = {isa = PBXBuildFile; fileRef = A7346D791DE90A0F005E3A5E /* PhotoPickerView.swift */; };
		A7346D7C1DE90DF1005E3A5E /* AlertView.swift in Sources */ = {isa = PBXBuildFile; fileRef = A7346D7B1DE90DF1005E3A5E /* AlertView.swift */; };
		A7346D7E1DE93688005E3A5E /* TaskButton.swift in Sources */ = {isa = PBXBuildFile; fileRef = A7346D7D1DE93688005E3A5E /* TaskButton.swift */; };
		A7346D881DEA6A08005E3A5E /* DataPicker.swift in Sources */ = {isa = PBXBuildFile; fileRef = A7346D871DEA6A08005E3A5E /* DataPicker.swift */; };
		A74553421E2346C9004300AA /* TaskHeroSpec.swift in Sources */ = {isa = PBXBuildFile; fileRef = A74553411E2346C9004300AA /* TaskHeroSpec.swift */; };
		A752A3521E4AB587006FD395 /* SharedTaskMethods.swift in Sources */ = {isa = PBXBuildFile; fileRef = A752A3511E4AB587006FD395 /* SharedTaskMethods.swift */; };
		A752A3541E4B1CDF006FD395 /* DataPersistence.swift in Sources */ = {isa = PBXBuildFile; fileRef = A752A3531E4B1CDF006FD395 /* DataPersistence.swift */; };
		A76562C61DF932E400E29AA9 /* ProfileHeaderModel.swift in Sources */ = {isa = PBXBuildFile; fileRef = A76562C51DF932E400E29AA9 /* ProfileHeaderModel.swift */; };
		A76562D31DF93F4800E29AA9 /* InitialViewController.swift in Sources */ = {isa = PBXBuildFile; fileRef = A76562D11DF93F4800E29AA9 /* InitialViewController.swift */; };
		A76562D41DF93F4800E29AA9 /* InitView.swift in Sources */ = {isa = PBXBuildFile; fileRef = A76562D21DF93F4800E29AA9 /* InitView.swift */; };
		A76562DA1DF95B7500E29AA9 /* UINavigationBar+Extension.swift in Sources */ = {isa = PBXBuildFile; fileRef = A76562D91DF95B7500E29AA9 /* UINavigationBar+Extension.swift */; };
		A76562E41DF991D000E29AA9 /* TaskHeroTests.swift in Sources */ = {isa = PBXBuildFile; fileRef = A76562E31DF991D000E29AA9 /* TaskHeroTests.swift */; };
		A767FBA21E0830D5007767B6 /* SettingsCellViewModel.swift in Sources */ = {isa = PBXBuildFile; fileRef = A767FBA11E0830D5007767B6 /* SettingsCellViewModel.swift */; };
		A767FBA41E0832A1007767B6 /* TaskCellViewModel.swift in Sources */ = {isa = PBXBuildFile; fileRef = A767FBA31E0832A1007767B6 /* TaskCellViewModel.swift */; };
		A767FBA61E0836CC007767B6 /* ProfileSettingsCellViewModel.swift in Sources */ = {isa = PBXBuildFile; fileRef = A767FBA51E0836CC007767B6 /* ProfileSettingsCellViewModel.swift */; };
		A767FBA81E0836F7007767B6 /* SignupViewModel.swift in Sources */ = {isa = PBXBuildFile; fileRef = A767FBA71E0836F7007767B6 /* SignupViewModel.swift */; };
		A77FBCC41DEB5B410014C380 /* NotificationView.swift in Sources */ = {isa = PBXBuildFile; fileRef = A77FBCC31DEB5B410014C380 /* NotificationView.swift */; };
		A77FBCC61DEB5B8C0014C380 /* NotificationPopover.swift in Sources */ = {isa = PBXBuildFile; fileRef = A77FBCC51DEB5B8C0014C380 /* NotificationPopover.swift */; };
		A77FBCC91DEB74670014C380 /* BasePopView.swift in Sources */ = {isa = PBXBuildFile; fileRef = A77FBCC81DEB74670014C380 /* BasePopView.swift */; };
		A77FBCCB1DEB78880014C380 /* BasePopoverAlert.swift in Sources */ = {isa = PBXBuildFile; fileRef = A77FBCCA1DEB78880014C380 /* BasePopoverAlert.swift */; };
		A77FBCCD1DEB8A190014C380 /* Helpers.swift in Sources */ = {isa = PBXBuildFile; fileRef = A77FBCCC1DEB8A190014C380 /* Helpers.swift */; };
		A7AFCDE11DF72C4B004D607C /* APIClient.swift in Sources */ = {isa = PBXBuildFile; fileRef = A7AFCDE01DF72C4B004D607C /* APIClient.swift */; };
		A7C5A9C51E1B30F3003CBCC1 /* ProfileSettingsViewControllerDataSource.swift in Sources */ = {isa = PBXBuildFile; fileRef = A7C5A9C41E1B30F3003CBCC1 /* ProfileSettingsViewControllerDataSource.swift */; };
		A7DF774A1E37185800FB2DCE /* Secrets.swift in Sources */ = {isa = PBXBuildFile; fileRef = A7DF77491E37185800FB2DCE /* Secrets.swift */; };
		A7E991181E5A8BE1001CE354 /* Reachability.swift in Sources */ = {isa = PBXBuildFile; fileRef = A7E991171E5A8BE1001CE354 /* Reachability.swift */; };
		A7E9911A1E5A8CBE001CE354 /* InternetStatus.swift in Sources */ = {isa = PBXBuildFile; fileRef = A7E991191E5A8CBE001CE354 /* InternetStatus.swift */; };
		AFA3CEB41DB58E58003266CA /* GoogleService-Info.plist in Resources */ = {isa = PBXBuildFile; fileRef = AFA3CEB31DB58E58003266CA /* GoogleService-Info.plist */; };
		AFE277B51DB58CA2005C9AB5 /* AppDelegate.swift in Sources */ = {isa = PBXBuildFile; fileRef = AFE277B41DB58CA2005C9AB5 /* AppDelegate.swift */; };
		AFE277BC1DB58CA2005C9AB5 /* Assets.xcassets in Resources */ = {isa = PBXBuildFile; fileRef = AFE277BB1DB58CA2005C9AB5 /* Assets.xcassets */; };
		AFE277BF1DB58CA2005C9AB5 /* LaunchScreen.storyboard in Resources */ = {isa = PBXBuildFile; fileRef = AFE277BD1DB58CA2005C9AB5 /* LaunchScreen.storyboard */; };
/* End PBXBuildFile section */

/* Begin PBXContainerItemProxy section */
		A76562E61DF991D000E29AA9 /* PBXContainerItemProxy */ = {
			isa = PBXContainerItemProxy;
			containerPortal = AFE277A91DB58CA2005C9AB5 /* Project object */;
			proxyType = 1;
			remoteGlobalIDString = AFE277B01DB58CA2005C9AB5;
			remoteInfo = TaskHero;
		};
/* End PBXContainerItemProxy section */

/* Begin PBXFileReference section */
		0B048F3A89226F81F83549E5 /* Pods_TaskHero_TaskHeroTests.framework */ = {isa = PBXFileReference; explicitFileType = wrapper.framework; includeInIndex = 0; path = Pods_TaskHero_TaskHeroTests.framework; sourceTree = BUILT_PRODUCTS_DIR; };
		5C871499BBBCB660C51A3B43 /* Pods-TaskHero-TaskHeroTests.release.xcconfig */ = {isa = PBXFileReference; includeInIndex = 1; lastKnownFileType = text.xcconfig; name = "Pods-TaskHero-TaskHeroTests.release.xcconfig"; path = "Pods/Target Support Files/Pods-TaskHero-TaskHeroTests/Pods-TaskHero-TaskHeroTests.release.xcconfig"; sourceTree = "<group>"; };
		6291454E42D1009C8C01A53F /* Pods_TaskHero.framework */ = {isa = PBXFileReference; explicitFileType = wrapper.framework; includeInIndex = 0; path = Pods_TaskHero.framework; sourceTree = BUILT_PRODUCTS_DIR; };
		91CD8A86197BE8140B3FABF1 /* Pods-TaskHero.release.xcconfig */ = {isa = PBXFileReference; includeInIndex = 1; lastKnownFileType = text.xcconfig; name = "Pods-TaskHero.release.xcconfig"; path = "Pods/Target Support Files/Pods-TaskHero/Pods-TaskHero.release.xcconfig"; sourceTree = "<group>"; };
		A7083FFF1DEABB1700055B72 /* ProfileSettingsView.swift */ = {isa = PBXFileReference; fileEncoding = 4; lastKnownFileType = sourcecode.swift; path = ProfileSettingsView.swift; sourceTree = "<group>"; };
		A70840011DEABB2800055B72 /* ProfileSettingsViewController.swift */ = {isa = PBXFileReference; fileEncoding = 4; lastKnownFileType = sourcecode.swift; path = ProfileSettingsViewController.swift; sourceTree = "<group>"; };
		A70840031DEABBD000055B72 /* FriendsSettingsView.swift */ = {isa = PBXFileReference; fileEncoding = 4; lastKnownFileType = sourcecode.swift; path = FriendsSettingsView.swift; sourceTree = "<group>"; };
		A70840051DEABBE200055B72 /* FriendsSettingsViewController.swift */ = {isa = PBXFileReference; fileEncoding = 4; lastKnownFileType = sourcecode.swift; path = FriendsSettingsViewController.swift; sourceTree = "<group>"; };
		A70840091DEB180800055B72 /* ProfileSettingsCell.swift */ = {isa = PBXFileReference; fileEncoding = 4; lastKnownFileType = sourcecode.swift; path = ProfileSettingsCell.swift; sourceTree = "<group>"; };
		A709CAC91DE7718B00877907 /* LoginView.swift */ = {isa = PBXFileReference; fileEncoding = 4; lastKnownFileType = sourcecode.swift; path = LoginView.swift; sourceTree = "<group>"; };
		A709CACA1DE7718B00877907 /* LoginViewController.swift */ = {isa = PBXFileReference; fileEncoding = 4; lastKnownFileType = sourcecode.swift; path = LoginViewController.swift; sourceTree = "<group>"; };
		A709CACD1DE7719E00877907 /* AddTaskViewController.swift */ = {isa = PBXFileReference; fileEncoding = 4; lastKnownFileType = sourcecode.swift; path = AddTaskViewController.swift; sourceTree = "<group>"; };
		A709CACF1DE771B700877907 /* HomeViewController.swift */ = {isa = PBXFileReference; fileEncoding = 4; lastKnownFileType = sourcecode.swift; path = HomeViewController.swift; sourceTree = "<group>"; };
		A709CAD11DE771E100877907 /* ProfileHeaderCell.swift */ = {isa = PBXFileReference; fileEncoding = 4; lastKnownFileType = sourcecode.swift; path = ProfileHeaderCell.swift; sourceTree = "<group>"; };
		A709CAD31DE771EB00877907 /* ProfileDataCell.swift */ = {isa = PBXFileReference; fileEncoding = 4; lastKnownFileType = sourcecode.swift; path = ProfileDataCell.swift; sourceTree = "<group>"; };
		A709CAD51DE771F400877907 /* ProfileBannerCell.swift */ = {isa = PBXFileReference; fileEncoding = 4; lastKnownFileType = sourcecode.swift; path = ProfileBannerCell.swift; sourceTree = "<group>"; };
		A709CAD71DE7720200877907 /* TaskCell.swift */ = {isa = PBXFileReference; fileEncoding = 4; lastKnownFileType = sourcecode.swift; path = TaskCell.swift; sourceTree = "<group>"; };
		A709CADB1DE7721300877907 /* Date+Extension.swift */ = {isa = PBXFileReference; fileEncoding = 4; lastKnownFileType = sourcecode.swift; path = "Date+Extension.swift"; sourceTree = "<group>"; };
		A709CADD1DE7722300877907 /* String+Extension.swift */ = {isa = PBXFileReference; fileEncoding = 4; lastKnownFileType = sourcecode.swift; path = "String+Extension.swift"; sourceTree = "<group>"; };
		A709CADF1DE7722D00877907 /* UIColorExtension.swift */ = {isa = PBXFileReference; fileEncoding = 4; lastKnownFileType = sourcecode.swift; path = UIColorExtension.swift; sourceTree = "<group>"; };
		A709CAE11DE7723800877907 /* TextfieldExtension.swift */ = {isa = PBXFileReference; fileEncoding = 4; lastKnownFileType = sourcecode.swift; path = TextfieldExtension.swift; sourceTree = "<group>"; };
		A709CAE31DE7724E00877907 /* UIView+Extension.swift */ = {isa = PBXFileReference; fileEncoding = 4; lastKnownFileType = sourcecode.swift; path = "UIView+Extension.swift"; sourceTree = "<group>"; };
		A709CAE51DE7725F00877907 /* SettingsCell.swift */ = {isa = PBXFileReference; fileEncoding = 4; lastKnownFileType = sourcecode.swift; path = SettingsCell.swift; sourceTree = "<group>"; };
		A709CAED1DE7727E00877907 /* ProfileDataCellModel.swift */ = {isa = PBXFileReference; fileEncoding = 4; lastKnownFileType = sourcecode.swift; path = ProfileDataCellModel.swift; sourceTree = "<group>"; };
		A709CAF31DE772CD00877907 /* ProfileViewController.swift */ = {isa = PBXFileReference; fileEncoding = 4; lastKnownFileType = sourcecode.swift; path = ProfileViewController.swift; sourceTree = "<group>"; };
		A709CAF51DE772EC00877907 /* PopMenu.swift */ = {isa = PBXFileReference; fileEncoding = 4; lastKnownFileType = sourcecode.swift; path = PopMenu.swift; sourceTree = "<group>"; };
		A709CAF71DE772F700877907 /* AddTaskView.swift */ = {isa = PBXFileReference; fileEncoding = 4; lastKnownFileType = sourcecode.swift; path = AddTaskView.swift; sourceTree = "<group>"; };
		A709CAFB1DE7730D00877907 /* SignupView.swift */ = {isa = PBXFileReference; fileEncoding = 4; lastKnownFileType = sourcecode.swift; path = SignupView.swift; sourceTree = "<group>"; };
		A709CAFD1DE7731500877907 /* LoadingView.swift */ = {isa = PBXFileReference; fileEncoding = 4; lastKnownFileType = sourcecode.swift; path = LoadingView.swift; sourceTree = "<group>"; };
		A709CAFF1DE7731F00877907 /* Constants.swift */ = {isa = PBXFileReference; fileEncoding = 4; lastKnownFileType = sourcecode.swift; path = Constants.swift; sourceTree = "<group>"; };
		A709CB011DE7732800877907 /* UserDataStore.swift */ = {isa = PBXFileReference; fileEncoding = 4; lastKnownFileType = sourcecode.swift; path = UserDataStore.swift; sourceTree = "<group>"; };
		A709CB031DE7733300877907 /* User.swift */ = {isa = PBXFileReference; fileEncoding = 4; lastKnownFileType = sourcecode.swift; path = User.swift; sourceTree = "<group>"; };
		A709CB051DE7733C00877907 /* Task.swift */ = {isa = PBXFileReference; fileEncoding = 4; lastKnownFileType = sourcecode.swift; path = Task.swift; sourceTree = "<group>"; };
		A709CB091DE7735000877907 /* SettingsViewController.swift */ = {isa = PBXFileReference; fileEncoding = 4; lastKnownFileType = sourcecode.swift; path = SettingsViewController.swift; sourceTree = "<group>"; };
		A709CB0B1DE7735B00877907 /* SignupViewController.swift */ = {isa = PBXFileReference; fileEncoding = 4; lastKnownFileType = sourcecode.swift; path = SignupViewController.swift; sourceTree = "<group>"; };
		A709CB0F1DE7737100877907 /* TabBarController.swift */ = {isa = PBXFileReference; fileEncoding = 4; lastKnownFileType = sourcecode.swift; path = TabBarController.swift; sourceTree = "<group>"; };
		A709CB111DE7737800877907 /* TaskListViewController.swift */ = {isa = PBXFileReference; fileEncoding = 4; lastKnownFileType = sourcecode.swift; path = TaskListViewController.swift; sourceTree = "<group>"; };
		A70CD5D61E1AD1DC00324DC3 /* LoginViewModel.swift */ = {isa = PBXFileReference; fileEncoding = 4; lastKnownFileType = sourcecode.swift; path = LoginViewModel.swift; sourceTree = "<group>"; };
		A70DC53E1E15A90B00812FB4 /* Info.plist */ = {isa = PBXFileReference; fileEncoding = 4; lastKnownFileType = text.plist.xml; path = Info.plist; sourceTree = "<group>"; };
		A714E1741E3BEA8E0014F990 /* AppScreenView.swift */ = {isa = PBXFileReference; fileEncoding = 4; lastKnownFileType = sourcecode.swift; name = AppScreenView.swift; path = AppScreen/AppScreenView.swift; sourceTree = "<group>"; };
		A714E1761E3BEA980014F990 /* AppScreenViewController.swift */ = {isa = PBXFileReference; fileEncoding = 4; lastKnownFileType = sourcecode.swift; name = AppScreenViewController.swift; path = AppScreen/AppScreenViewController.swift; sourceTree = "<group>"; };
		A714E1781E3BF52E0014F990 /* HomeViewModel.swift */ = {isa = PBXFileReference; fileEncoding = 4; lastKnownFileType = sourcecode.swift; path = HomeViewModel.swift; sourceTree = "<group>"; };
		A714E17A1E3BFE190014F990 /* TaskListViewModel.swift */ = {isa = PBXFileReference; fileEncoding = 4; lastKnownFileType = sourcecode.swift; path = TaskListViewModel.swift; sourceTree = "<group>"; };
		A714E17C1E3D0B8D0014F990 /* AppScreenViewModel.swift */ = {isa = PBXFileReference; fileEncoding = 4; lastKnownFileType = sourcecode.swift; name = AppScreenViewModel.swift; path = AppScreen/AppScreenViewModel.swift; sourceTree = "<group>"; };
		A71C97881DFF718C00F855AA /* AddTaskViewModel.swift */ = {isa = PBXFileReference; fileEncoding = 4; lastKnownFileType = sourcecode.swift; path = AddTaskViewModel.swift; sourceTree = "<group>"; };
		A7346D751DE8EC40005E3A5E /* PhotoPickerPopover.swift */ = {isa = PBXFileReference; fileEncoding = 4; lastKnownFileType = sourcecode.swift; path = PhotoPickerPopover.swift; sourceTree = "<group>"; };
		A7346D771DE8EC50005E3A5E /* AlertPopover.swift */ = {isa = PBXFileReference; fileEncoding = 4; lastKnownFileType = sourcecode.swift; path = AlertPopover.swift; sourceTree = "<group>"; };
		A7346D791DE90A0F005E3A5E /* PhotoPickerView.swift */ = {isa = PBXFileReference; fileEncoding = 4; lastKnownFileType = sourcecode.swift; path = PhotoPickerView.swift; sourceTree = "<group>"; };
		A7346D7B1DE90DF1005E3A5E /* AlertView.swift */ = {isa = PBXFileReference; fileEncoding = 4; lastKnownFileType = sourcecode.swift; path = AlertView.swift; sourceTree = "<group>"; };
		A7346D7D1DE93688005E3A5E /* TaskButton.swift */ = {isa = PBXFileReference; fileEncoding = 4; lastKnownFileType = sourcecode.swift; path = TaskButton.swift; sourceTree = "<group>"; };
		A7346D871DEA6A08005E3A5E /* DataPicker.swift */ = {isa = PBXFileReference; fileEncoding = 4; lastKnownFileType = sourcecode.swift; path = DataPicker.swift; sourceTree = "<group>"; };
		A74553411E2346C9004300AA /* TaskHeroSpec.swift */ = {isa = PBXFileReference; fileEncoding = 4; lastKnownFileType = sourcecode.swift; path = TaskHeroSpec.swift; sourceTree = "<group>"; };
		A752A3511E4AB587006FD395 /* SharedTaskMethods.swift */ = {isa = PBXFileReference; fileEncoding = 4; lastKnownFileType = sourcecode.swift; path = SharedTaskMethods.swift; sourceTree = "<group>"; };
		A752A3531E4B1CDF006FD395 /* DataPersistence.swift */ = {isa = PBXFileReference; fileEncoding = 4; lastKnownFileType = sourcecode.swift; name = DataPersistence.swift; path = TaskHero/Networking/DataPersistence.swift; sourceTree = SOURCE_ROOT; };
		A76562C51DF932E400E29AA9 /* ProfileHeaderModel.swift */ = {isa = PBXFileReference; fileEncoding = 4; lastKnownFileType = sourcecode.swift; path = ProfileHeaderModel.swift; sourceTree = "<group>"; };
		A76562D11DF93F4800E29AA9 /* InitialViewController.swift */ = {isa = PBXFileReference; fileEncoding = 4; lastKnownFileType = sourcecode.swift; name = InitialViewController.swift; path = Initial/InitialViewController.swift; sourceTree = "<group>"; };
		A76562D21DF93F4800E29AA9 /* InitView.swift */ = {isa = PBXFileReference; fileEncoding = 4; lastKnownFileType = sourcecode.swift; name = InitView.swift; path = Initial/InitView.swift; sourceTree = "<group>"; };
		A76562D91DF95B7500E29AA9 /* UINavigationBar+Extension.swift */ = {isa = PBXFileReference; fileEncoding = 4; lastKnownFileType = sourcecode.swift; path = "UINavigationBar+Extension.swift"; sourceTree = "<group>"; };
		A76562E11DF991D000E29AA9 /* TaskHeroTests.xctest */ = {isa = PBXFileReference; explicitFileType = wrapper.cfbundle; includeInIndex = 0; path = TaskHeroTests.xctest; sourceTree = BUILT_PRODUCTS_DIR; };
		A76562E31DF991D000E29AA9 /* TaskHeroTests.swift */ = {isa = PBXFileReference; lastKnownFileType = sourcecode.swift; path = TaskHeroTests.swift; sourceTree = "<group>"; };
		A76562E51DF991D000E29AA9 /* Info.plist */ = {isa = PBXFileReference; lastKnownFileType = text.plist.xml; path = Info.plist; sourceTree = "<group>"; };
		A767FBA11E0830D5007767B6 /* SettingsCellViewModel.swift */ = {isa = PBXFileReference; fileEncoding = 4; lastKnownFileType = sourcecode.swift; path = SettingsCellViewModel.swift; sourceTree = "<group>"; };
		A767FBA31E0832A1007767B6 /* TaskCellViewModel.swift */ = {isa = PBXFileReference; fileEncoding = 4; lastKnownFileType = sourcecode.swift; path = TaskCellViewModel.swift; sourceTree = "<group>"; };
		A767FBA51E0836CC007767B6 /* ProfileSettingsCellViewModel.swift */ = {isa = PBXFileReference; fileEncoding = 4; lastKnownFileType = sourcecode.swift; path = ProfileSettingsCellViewModel.swift; sourceTree = "<group>"; };
		A767FBA71E0836F7007767B6 /* SignupViewModel.swift */ = {isa = PBXFileReference; fileEncoding = 4; lastKnownFileType = sourcecode.swift; path = SignupViewModel.swift; sourceTree = "<group>"; };
		A77FBCC31DEB5B410014C380 /* NotificationView.swift */ = {isa = PBXFileReference; fileEncoding = 4; lastKnownFileType = sourcecode.swift; path = NotificationView.swift; sourceTree = "<group>"; };
		A77FBCC51DEB5B8C0014C380 /* NotificationPopover.swift */ = {isa = PBXFileReference; fileEncoding = 4; lastKnownFileType = sourcecode.swift; path = NotificationPopover.swift; sourceTree = "<group>"; };
		A77FBCC81DEB74670014C380 /* BasePopView.swift */ = {isa = PBXFileReference; fileEncoding = 4; lastKnownFileType = sourcecode.swift; path = BasePopView.swift; sourceTree = "<group>"; };
		A77FBCCA1DEB78880014C380 /* BasePopoverAlert.swift */ = {isa = PBXFileReference; fileEncoding = 4; lastKnownFileType = sourcecode.swift; path = BasePopoverAlert.swift; sourceTree = "<group>"; };
		A77FBCCC1DEB8A190014C380 /* Helpers.swift */ = {isa = PBXFileReference; fileEncoding = 4; lastKnownFileType = sourcecode.swift; path = Helpers.swift; sourceTree = "<group>"; };
		A7AFCDE01DF72C4B004D607C /* APIClient.swift */ = {isa = PBXFileReference; fileEncoding = 4; lastKnownFileType = sourcecode.swift; path = APIClient.swift; sourceTree = "<group>"; };
		A7C5A9C41E1B30F3003CBCC1 /* ProfileSettingsViewControllerDataSource.swift */ = {isa = PBXFileReference; fileEncoding = 4; lastKnownFileType = sourcecode.swift; path = ProfileSettingsViewControllerDataSource.swift; sourceTree = "<group>"; };
		A7DF77491E37185800FB2DCE /* Secrets.swift */ = {isa = PBXFileReference; fileEncoding = 4; lastKnownFileType = sourcecode.swift; path = Secrets.swift; sourceTree = "<group>"; };
		A7E991171E5A8BE1001CE354 /* Reachability.swift */ = {isa = PBXFileReference; fileEncoding = 4; lastKnownFileType = sourcecode.swift; path = Reachability.swift; sourceTree = "<group>"; };
		A7E991191E5A8CBE001CE354 /* InternetStatus.swift */ = {isa = PBXFileReference; fileEncoding = 4; lastKnownFileType = sourcecode.swift; path = InternetStatus.swift; sourceTree = "<group>"; };
		ACD79247934EC1235C48C258 /* Pods-TaskHero-TaskHeroTests.debug.xcconfig */ = {isa = PBXFileReference; includeInIndex = 1; lastKnownFileType = text.xcconfig; name = "Pods-TaskHero-TaskHeroTests.debug.xcconfig"; path = "Pods/Target Support Files/Pods-TaskHero-TaskHeroTests/Pods-TaskHero-TaskHeroTests.debug.xcconfig"; sourceTree = "<group>"; };
		AFA3CEB31DB58E58003266CA /* GoogleService-Info.plist */ = {isa = PBXFileReference; fileEncoding = 4; lastKnownFileType = text.plist.xml; path = "GoogleService-Info.plist"; sourceTree = "<group>"; };
		AFE277B11DB58CA2005C9AB5 /* TaskHero.app */ = {isa = PBXFileReference; explicitFileType = wrapper.application; includeInIndex = 0; path = TaskHero.app; sourceTree = BUILT_PRODUCTS_DIR; };
		AFE277B41DB58CA2005C9AB5 /* AppDelegate.swift */ = {isa = PBXFileReference; lastKnownFileType = sourcecode.swift; path = AppDelegate.swift; sourceTree = "<group>"; };
		AFE277BB1DB58CA2005C9AB5 /* Assets.xcassets */ = {isa = PBXFileReference; lastKnownFileType = folder.assetcatalog; path = Assets.xcassets; sourceTree = "<group>"; };
		AFE277BE1DB58CA2005C9AB5 /* Base */ = {isa = PBXFileReference; lastKnownFileType = file.storyboard; name = Base; path = Base.lproj/LaunchScreen.storyboard; sourceTree = "<group>"; };
		BB06DFD95BAD81D44FFB21D5 /* Pods-TaskHero.debug.xcconfig */ = {isa = PBXFileReference; includeInIndex = 1; lastKnownFileType = text.xcconfig; name = "Pods-TaskHero.debug.xcconfig"; path = "Pods/Target Support Files/Pods-TaskHero/Pods-TaskHero.debug.xcconfig"; sourceTree = "<group>"; };
/* End PBXFileReference section */

/* Begin PBXFrameworksBuildPhase section */
		A76562DE1DF991D000E29AA9 /* Frameworks */ = {
			isa = PBXFrameworksBuildPhase;
			buildActionMask = 2147483647;
			files = (
				9837089D7DB0FDB5FED29B98 /* Pods_TaskHero_TaskHeroTests.framework in Frameworks */,
			);
			runOnlyForDeploymentPostprocessing = 0;
		};
		AFE277AE1DB58CA2005C9AB5 /* Frameworks */ = {
			isa = PBXFrameworksBuildPhase;
			buildActionMask = 2147483647;
			files = (
				7244712A81FA9B4EA164A8FA /* Pods_TaskHero.framework in Frameworks */,
			);
			runOnlyForDeploymentPostprocessing = 0;
		};
/* End PBXFrameworksBuildPhase section */

/* Begin PBXGroup section */
		32A0D354D912F6F8E761029F /* Frameworks */ = {
			isa = PBXGroup;
			children = (
				6291454E42D1009C8C01A53F /* Pods_TaskHero.framework */,
				0B048F3A89226F81F83549E5 /* Pods_TaskHero_TaskHeroTests.framework */,
			);
			name = Frameworks;
			sourceTree = "<group>";
		};
		965D6B7FFE51D9CB52C88246 /* Pods */ = {
			isa = PBXGroup;
			children = (
				BB06DFD95BAD81D44FFB21D5 /* Pods-TaskHero.debug.xcconfig */,
				91CD8A86197BE8140B3FABF1 /* Pods-TaskHero.release.xcconfig */,
				ACD79247934EC1235C48C258 /* Pods-TaskHero-TaskHeroTests.debug.xcconfig */,
				5C871499BBBCB660C51A3B43 /* Pods-TaskHero-TaskHeroTests.release.xcconfig */,
			);
			name = Pods;
			sourceTree = "<group>";
		};
		A709CAC81DE7711900877907 /* Login */ = {
			isa = PBXGroup;
			children = (
				A709CAC91DE7718B00877907 /* LoginView.swift */,
				A70CD5D61E1AD1DC00324DC3 /* LoginViewModel.swift */,
				A709CACA1DE7718B00877907 /* LoginViewController.swift */,
			);
			path = Login;
			sourceTree = "<group>";
		};
		A709CB151DE773D200877907 /* Signup */ = {
			isa = PBXGroup;
			children = (
				A709CAFB1DE7730D00877907 /* SignupView.swift */,
				A767FBA71E0836F7007767B6 /* SignupViewModel.swift */,
				A77DDFFC1E3747E100B2A64A /* ViewController */,
			);
			path = Signup;
			sourceTree = "<group>";
		};
		A709CB161DE7745500877907 /* Home */ = {
			isa = PBXGroup;
			children = (
				A77DDFFF1E37482F00B2A64A /* ViewController */,
			);
			path = Home;
			sourceTree = "<group>";
		};
		A709CB171DE7748F00877907 /* Settings */ = {
			isa = PBXGroup;
			children = (
				A7DF774D1E37261D00FB2DCE /* Settings */,
				A7DF774B1E37260800FB2DCE /* Profile */,
				A7DF774C1E37261400FB2DCE /* Friends */,
			);
			path = Settings;
			sourceTree = "<group>";
		};
		A709CB181DE7754600877907 /* Shared */ = {
			isa = PBXGroup;
			children = (
				A709CB211DE77C1300877907 /* Extensions */,
				A709CB221DE77C2600877907 /* Variables */,
				A709CB231DE77C2E00877907 /* Views */,
			);
			path = Shared;
			sourceTree = "<group>";
		};
		A709CB1A1DE7772900877907 /* Tasks */ = {
			isa = PBXGroup;
			children = (
				A709CB051DE7733C00877907 /* Task.swift */,
			);
			path = Tasks;
			sourceTree = "<group>";
		};
		A709CB1B1DE7773200877907 /* User */ = {
			isa = PBXGroup;
			children = (
				A709CB031DE7733300877907 /* User.swift */,
			);
			path = User;
			sourceTree = "<group>";
		};
		A709CB201DE77BEB00877907 /* Networking */ = {
			isa = PBXGroup;
			children = (
				A7AFCDE01DF72C4B004D607C /* APIClient.swift */,
				A752A3531E4B1CDF006FD395 /* DataPersistence.swift */,
				A7E991171E5A8BE1001CE354 /* Reachability.swift */,
				A7E991191E5A8CBE001CE354 /* InternetStatus.swift */,
			);
			name = Networking;
			path = DataServices;
			sourceTree = "<group>";
		};
		A709CB211DE77C1300877907 /* Extensions */ = {
			isa = PBXGroup;
			children = (
				A709CADB1DE7721300877907 /* Date+Extension.swift */,
				A709CADD1DE7722300877907 /* String+Extension.swift */,
				A709CAE11DE7723800877907 /* TextfieldExtension.swift */,
				A709CADF1DE7722D00877907 /* UIColorExtension.swift */,
				A709CAE31DE7724E00877907 /* UIView+Extension.swift */,
				A76562D91DF95B7500E29AA9 /* UINavigationBar+Extension.swift */,
			);
			path = Extensions;
			sourceTree = "<group>";
		};
		A709CB221DE77C2600877907 /* Variables */ = {
			isa = PBXGroup;
			children = (
				A709CAFF1DE7731F00877907 /* Constants.swift */,
			);
			path = Variables;
			sourceTree = "<group>";
		};
		A709CB231DE77C2E00877907 /* Views */ = {
			isa = PBXGroup;
			children = (
				A76562D81DF953C500E29AA9 /* Popover */,
				A709CB0F1DE7737100877907 /* TabBarController.swift */,
				A7346D7D1DE93688005E3A5E /* TaskButton.swift */,
				A77FBCCC1DEB8A190014C380 /* Helpers.swift */,
			);
			path = Views;
			sourceTree = "<group>";
		};
		A709CB241DE77C7700877907 /* AddTask */ = {
			isa = PBXGroup;
			children = (
				A709CAF71DE772F700877907 /* AddTaskView.swift */,
				A709CACD1DE7719E00877907 /* AddTaskViewController.swift */,
				A71C97881DFF718C00F855AA /* AddTaskViewModel.swift */,
			);
			path = AddTask;
			sourceTree = "<group>";
		};
		A714E1731E3BE9E70014F990 /* AppScreen */ = {
			isa = PBXGroup;
			children = (
				A714E1741E3BEA8E0014F990 /* AppScreenView.swift */,
				A714E17C1E3D0B8D0014F990 /* AppScreenViewModel.swift */,
				A714E1761E3BEA980014F990 /* AppScreenViewController.swift */,
			);
			name = AppScreen;
			sourceTree = "<group>";
		};
		A7346D7F1DEA249C005E3A5E /* Application */ = {
			isa = PBXGroup;
			children = (
				AFA3CEA91DB58E2E003266CA /* Models */,
				AFA3CE8D1DB58DF7003266CA /* DataServices */,
			);
			name = Application;
			sourceTree = "<group>";
		};
		A7346D861DEA255A005E3A5E /* InitialView */ = {
			isa = PBXGroup;
			children = (
				A76562D11DF93F4800E29AA9 /* InitialViewController.swift */,
				A76562D21DF93F4800E29AA9 /* InitView.swift */,
			);
			name = InitialView;
			sourceTree = "<group>";
		};
		A76562D81DF953C500E29AA9 /* Popover */ = {
			isa = PBXGroup;
			children = (
				A709CAFD1DE7731500877907 /* LoadingView.swift */,
				A7346D871DEA6A08005E3A5E /* DataPicker.swift */,
				A709CAF51DE772EC00877907 /* PopMenu.swift */,
				A7FBB0EA1E31CAB900BAB07B /* Notification */,
				A7FBB0E71E31CA7500BAB07B /* Base */,
				A7FBB0E81E31CA8600BAB07B /* Photo */,
				A7FBB0E91E31CA9300BAB07B /* Alert */,
			);
			name = Popover;
			sourceTree = "<group>";
		};
		A76562E21DF991D000E29AA9 /* TaskHeroTests */ = {
			isa = PBXGroup;
			children = (
				A76562E31DF991D000E29AA9 /* TaskHeroTests.swift */,
				A74553411E2346C9004300AA /* TaskHeroSpec.swift */,
				A76562E51DF991D000E29AA9 /* Info.plist */,
			);
			path = TaskHeroTests;
			sourceTree = "<group>";
		};
		A77DDFF81E3747B000B2A64A /* ViewController */ = {
			isa = PBXGroup;
			children = (
				A70840011DEABB2800055B72 /* ProfileSettingsViewController.swift */,
			);
			name = ViewController;
			sourceTree = "<group>";
		};
		A77DDFF91E3747BC00B2A64A /* Views */ = {
			isa = PBXGroup;
			children = (
				A7083FFF1DEABB1700055B72 /* ProfileSettingsView.swift */,
				A70840091DEB180800055B72 /* ProfileSettingsCell.swift */,
			);
			name = Views;
			sourceTree = "<group>";
		};
		A77DDFFA1E3747C300B2A64A /* Models/Data */ = {
			isa = PBXGroup;
			children = (
				A767FBA51E0836CC007767B6 /* ProfileSettingsCellViewModel.swift */,
				A7C5A9C41E1B30F3003CBCC1 /* ProfileSettingsViewControllerDataSource.swift */,
			);
			name = Models/Data;
			sourceTree = "<group>";
		};
		A77DDFFB1E3747D100B2A64A /* ViewController */ = {
			isa = PBXGroup;
			children = (
				A709CB091DE7735000877907 /* SettingsViewController.swift */,
			);
			name = ViewController;
			sourceTree = "<group>";
		};
		A77DDFFC1E3747E100B2A64A /* ViewController */ = {
			isa = PBXGroup;
			children = (
				A709CB0B1DE7735B00877907 /* SignupViewController.swift */,
			);
			name = ViewController;
			sourceTree = "<group>";
		};
		A77DDFFD1E3747F100B2A64A /* TaskCell */ = {
			isa = PBXGroup;
			children = (
				A767FBA31E0832A1007767B6 /* TaskCellViewModel.swift */,
				A709CAD71DE7720200877907 /* TaskCell.swift */,
			);
			name = TaskCell;
			sourceTree = "<group>";
		};
		A77DDFFE1E37481500B2A64A /* ViewController */ = {
			isa = PBXGroup;
			children = (
				A70840051DEABBE200055B72 /* FriendsSettingsViewController.swift */,
			);
			name = ViewController;
			sourceTree = "<group>";
		};
		A77DDFFF1E37482F00B2A64A /* ViewController */ = {
			isa = PBXGroup;
			children = (
				A709CACF1DE771B700877907 /* HomeViewController.swift */,
				A714E1781E3BF52E0014F990 /* HomeViewModel.swift */,
			);
			name = ViewController;
			sourceTree = "<group>";
		};
		A7DF774B1E37260800FB2DCE /* Profile */ = {
			isa = PBXGroup;
			children = (
				A77DDFF91E3747BC00B2A64A /* Views */,
				A77DDFFA1E3747C300B2A64A /* Models/Data */,
				A77DDFF81E3747B000B2A64A /* ViewController */,
			);
			name = Profile;
			sourceTree = "<group>";
		};
		A7DF774C1E37261400FB2DCE /* Friends */ = {
			isa = PBXGroup;
			children = (
				A77DDFFE1E37481500B2A64A /* ViewController */,
				A70840031DEABBD000055B72 /* FriendsSettingsView.swift */,
			);
			name = Friends;
			sourceTree = "<group>";
		};
		A7DF774D1E37261D00FB2DCE /* Settings */ = {
			isa = PBXGroup;
			children = (
				A709CAE51DE7725F00877907 /* SettingsCell.swift */,
				A767FBA11E0830D5007767B6 /* SettingsCellViewModel.swift */,
				A77DDFFB1E3747D100B2A64A /* ViewController */,
			);
			name = Settings;
			sourceTree = "<group>";
		};
		A7DF774E1E37262F00FB2DCE /* Cells */ = {
			isa = PBXGroup;
			children = (
				A709CAD51DE771F400877907 /* ProfileBannerCell.swift */,
				A709CAD31DE771EB00877907 /* ProfileDataCell.swift */,
				A709CAD11DE771E100877907 /* ProfileHeaderCell.swift */,
			);
			name = Cells;
			sourceTree = "<group>";
		};
		A7DF774F1E37263900FB2DCE /* Cell Models */ = {
			isa = PBXGroup;
			children = (
				A709CAED1DE7727E00877907 /* ProfileDataCellModel.swift */,
				A76562C51DF932E400E29AA9 /* ProfileHeaderModel.swift */,
			);
			name = "Cell Models";
			sourceTree = "<group>";
		};
		A7DF77501E37266800FB2DCE /* Cells */ = {
			isa = PBXGroup;
			children = (
				A77DDFFD1E3747F100B2A64A /* TaskCell */,
			);
			name = Cells;
			sourceTree = "<group>";
		};
		A7DF77511E37267900FB2DCE /* TaskList */ = {
			isa = PBXGroup;
			children = (
				A709CB111DE7737800877907 /* TaskListViewController.swift */,
				A714E17A1E3BFE190014F990 /* TaskListViewModel.swift */,
			);
			name = TaskList;
			sourceTree = "<group>";
		};
		A7FBB0E71E31CA7500BAB07B /* Base */ = {
			isa = PBXGroup;
			children = (
				A77FBCCA1DEB78880014C380 /* BasePopoverAlert.swift */,
				A77FBCC81DEB74670014C380 /* BasePopView.swift */,
			);
			name = Base;
			sourceTree = "<group>";
		};
		A7FBB0E81E31CA8600BAB07B /* Photo */ = {
			isa = PBXGroup;
			children = (
				A7346D791DE90A0F005E3A5E /* PhotoPickerView.swift */,
				A7346D751DE8EC40005E3A5E /* PhotoPickerPopover.swift */,
			);
			name = Photo;
			sourceTree = "<group>";
		};
		A7FBB0E91E31CA9300BAB07B /* Alert */ = {
			isa = PBXGroup;
			children = (
				A7346D7B1DE90DF1005E3A5E /* AlertView.swift */,
				A7346D771DE8EC50005E3A5E /* AlertPopover.swift */,
			);
			name = Alert;
			sourceTree = "<group>";
		};
		A7FBB0EA1E31CAB900BAB07B /* Notification */ = {
			isa = PBXGroup;
			children = (
				A77FBCC31DEB5B410014C380 /* NotificationView.swift */,
				A77FBCC51DEB5B8C0014C380 /* NotificationPopover.swift */,
			);
			name = Notification;
			sourceTree = "<group>";
		};
		AF18D86C1DBD8165002A3372 /* Profile */ = {
			isa = PBXGroup;
			children = (
				A7DF774E1E37262F00FB2DCE /* Cells */,
				A7DF774F1E37263900FB2DCE /* Cell Models */,
				A709CAF31DE772CD00877907 /* ProfileViewController.swift */,
			);
			path = Profile;
			sourceTree = "<group>";
		};
		AFA3CE8A1DB58DDB003266CA /* UI */ = {
			isa = PBXGroup;
			children = (
				A714E1731E3BE9E70014F990 /* AppScreen */,
				A709CB241DE77C7700877907 /* AddTask */,
				A709CB161DE7745500877907 /* Home */,
				A709CAC81DE7711900877907 /* Login */,
				AF18D86C1DBD8165002A3372 /* Profile */,
				A709CB171DE7748F00877907 /* Settings */,
				A709CB181DE7754600877907 /* Shared */,
				A709CB151DE773D200877907 /* Signup */,
				AFE9E6BF1DBDA76E0023C232 /* Task */,
				A7346D861DEA255A005E3A5E /* InitialView */,
			);
			path = UI;
			sourceTree = "<group>";
		};
		AFA3CE8D1DB58DF7003266CA /* DataServices */ = {
			isa = PBXGroup;
			children = (
				A709CB201DE77BEB00877907 /* Networking */,
				A709CB011DE7732800877907 /* UserDataStore.swift */,
			);
			name = DataServices;
			path = Networking;
			sourceTree = "<group>";
		};
		AFA3CEA91DB58E2E003266CA /* Models */ = {
			isa = PBXGroup;
			children = (
				A709CB1A1DE7772900877907 /* Tasks */,
				A709CB1B1DE7773200877907 /* User */,
			);
			path = Models;
			sourceTree = "<group>";
		};
		AFE277A81DB58CA2005C9AB5 = {
			isa = PBXGroup;
			children = (
				AFE277B31DB58CA2005C9AB5 /* TaskHero */,
				A76562E21DF991D000E29AA9 /* TaskHeroTests */,
				32A0D354D912F6F8E761029F /* Frameworks */,
				965D6B7FFE51D9CB52C88246 /* Pods */,
				AFE277B21DB58CA2005C9AB5 /* Products */,
			);
			sourceTree = "<group>";
		};
		AFE277B21DB58CA2005C9AB5 /* Products */ = {
			isa = PBXGroup;
			children = (
				AFE277B11DB58CA2005C9AB5 /* TaskHero.app */,
				A76562E11DF991D000E29AA9 /* TaskHeroTests.xctest */,
			);
			name = Products;
			sourceTree = "<group>";
		};
		AFE277B31DB58CA2005C9AB5 /* TaskHero */ = {
			isa = PBXGroup;
			children = (
				A7346D7F1DEA249C005E3A5E /* Application */,
				AFA3CE8A1DB58DDB003266CA /* UI */,
				AFE277B41DB58CA2005C9AB5 /* AppDelegate.swift */,
				AFE277BB1DB58CA2005C9AB5 /* Assets.xcassets */,
				AFA3CEB31DB58E58003266CA /* GoogleService-Info.plist */,
				A70DC53E1E15A90B00812FB4 /* Info.plist */,
				AFE277BD1DB58CA2005C9AB5 /* LaunchScreen.storyboard */,
				A7DF77491E37185800FB2DCE /* Secrets.swift */,
			);
			path = TaskHero;
			sourceTree = "<group>";
		};
		AFE9E6BF1DBDA76E0023C232 /* Task */ = {
			isa = PBXGroup;
			children = (
				A752A3511E4AB587006FD395 /* SharedTaskMethods.swift */,
				A7DF77501E37266800FB2DCE /* Cells */,
				A7DF77511E37267900FB2DCE /* TaskList */,
			);
			path = Task;
			sourceTree = "<group>";
		};
/* End PBXGroup section */

/* Begin PBXNativeTarget section */
		A76562E01DF991D000E29AA9 /* TaskHeroTests */ = {
			isa = PBXNativeTarget;
			buildConfigurationList = A76562E81DF991D000E29AA9 /* Build configuration list for PBXNativeTarget "TaskHeroTests" */;
			buildPhases = (
				35EC5180C3E6CFBE6AD7CC51 /* [CP] Check Pods Manifest.lock */,
				A76562DD1DF991D000E29AA9 /* Sources */,
				A76562DE1DF991D000E29AA9 /* Frameworks */,
				A76562DF1DF991D000E29AA9 /* Resources */,
				59A05049CB0CF1A8ED873C54 /* [CP] Embed Pods Frameworks */,
				3E0EAD7500F13EBBC6AA7078 /* [CP] Copy Pods Resources */,
			);
			buildRules = (
			);
			dependencies = (
				A76562E71DF991D000E29AA9 /* PBXTargetDependency */,
			);
			name = TaskHeroTests;
			productName = TaskHeroTests;
			productReference = A76562E11DF991D000E29AA9 /* TaskHeroTests.xctest */;
			productType = "com.apple.product-type.bundle.unit-test";
		};
		AFE277B01DB58CA2005C9AB5 /* TaskHero */ = {
			isa = PBXNativeTarget;
			buildConfigurationList = AFE277C31DB58CA2005C9AB5 /* Build configuration list for PBXNativeTarget "TaskHero" */;
			buildPhases = (
				E5173A55AD43B3193540FBF3 /* [CP] Check Pods Manifest.lock */,
				AFE277AD1DB58CA2005C9AB5 /* Sources */,
				AFE277AE1DB58CA2005C9AB5 /* Frameworks */,
				AFE277AF1DB58CA2005C9AB5 /* Resources */,
				6AB04827AB82F5F75E5F9081 /* [CP] Embed Pods Frameworks */,
				7A82D4CAC6B4BD9A8499793B /* [CP] Copy Pods Resources */,
			);
			buildRules = (
			);
			dependencies = (
			);
			name = TaskHero;
			productName = TaskHero;
			productReference = AFE277B11DB58CA2005C9AB5 /* TaskHero.app */;
			productType = "com.apple.product-type.application";
		};
/* End PBXNativeTarget section */

/* Begin PBXProject section */
		AFE277A91DB58CA2005C9AB5 /* Project object */ = {
			isa = PBXProject;
			attributes = {
				LastSwiftUpdateCheck = 0810;
				LastUpgradeCheck = 0820;
				ORGANIZATIONNAME = "Christopher Webb-Orenstein";
				TargetAttributes = {
					A76562E01DF991D000E29AA9 = {
						CreatedOnToolsVersion = 8.1;
						DevelopmentTeam = 4SZP4Q326F;
						ProvisioningStyle = Automatic;
						TestTargetID = AFE277B01DB58CA2005C9AB5;
					};
					AFE277B01DB58CA2005C9AB5 = {
						CreatedOnToolsVersion = 8.0;
						DevelopmentTeam = 4SZP4Q326F;
						ProvisioningStyle = Automatic;
					};
				};
			};
			buildConfigurationList = AFE277AC1DB58CA2005C9AB5 /* Build configuration list for PBXProject "TaskHero" */;
			compatibilityVersion = "Xcode 3.2";
			developmentRegion = English;
			hasScannedForEncodings = 0;
			knownRegions = (
				en,
				Base,
			);
			mainGroup = AFE277A81DB58CA2005C9AB5;
			productRefGroup = AFE277B21DB58CA2005C9AB5 /* Products */;
			projectDirPath = "";
			projectRoot = "";
			targets = (
				AFE277B01DB58CA2005C9AB5 /* TaskHero */,
				A76562E01DF991D000E29AA9 /* TaskHeroTests */,
			);
		};
/* End PBXProject section */

/* Begin PBXResourcesBuildPhase section */
		A76562DF1DF991D000E29AA9 /* Resources */ = {
			isa = PBXResourcesBuildPhase;
			buildActionMask = 2147483647;
			files = (
			);
			runOnlyForDeploymentPostprocessing = 0;
		};
		AFE277AF1DB58CA2005C9AB5 /* Resources */ = {
			isa = PBXResourcesBuildPhase;
			buildActionMask = 2147483647;
			files = (
				AFE277BF1DB58CA2005C9AB5 /* LaunchScreen.storyboard in Resources */,
				AFA3CEB41DB58E58003266CA /* GoogleService-Info.plist in Resources */,
				AFE277BC1DB58CA2005C9AB5 /* Assets.xcassets in Resources */,
			);
			runOnlyForDeploymentPostprocessing = 0;
		};
/* End PBXResourcesBuildPhase section */

/* Begin PBXShellScriptBuildPhase section */
		35EC5180C3E6CFBE6AD7CC51 /* [CP] Check Pods Manifest.lock */ = {
			isa = PBXShellScriptBuildPhase;
			buildActionMask = 2147483647;
			files = (
			);
			inputPaths = (
			);
			name = "[CP] Check Pods Manifest.lock";
			outputPaths = (
			);
			runOnlyForDeploymentPostprocessing = 0;
			shellPath = /bin/sh;
			shellScript = "diff \"${PODS_ROOT}/../Podfile.lock\" \"${PODS_ROOT}/Manifest.lock\" > /dev/null\nif [ $? != 0 ] ; then\n    # print error to STDERR\n    echo \"error: The sandbox is not in sync with the Podfile.lock. Run 'pod install' or update your CocoaPods installation.\" >&2\n    exit 1\nfi\n";
			showEnvVarsInLog = 0;
		};
		3E0EAD7500F13EBBC6AA7078 /* [CP] Copy Pods Resources */ = {
			isa = PBXShellScriptBuildPhase;
			buildActionMask = 2147483647;
			files = (
			);
			inputPaths = (
			);
			name = "[CP] Copy Pods Resources";
			outputPaths = (
			);
			runOnlyForDeploymentPostprocessing = 0;
			shellPath = /bin/sh;
			shellScript = "\"${SRCROOT}/Pods/Target Support Files/Pods-TaskHero-TaskHeroTests/Pods-TaskHero-TaskHeroTests-resources.sh\"\n";
			showEnvVarsInLog = 0;
		};
		59A05049CB0CF1A8ED873C54 /* [CP] Embed Pods Frameworks */ = {
			isa = PBXShellScriptBuildPhase;
			buildActionMask = 2147483647;
			files = (
			);
			inputPaths = (
			);
			name = "[CP] Embed Pods Frameworks";
			outputPaths = (
			);
			runOnlyForDeploymentPostprocessing = 0;
			shellPath = /bin/sh;
			shellScript = "\"${SRCROOT}/Pods/Target Support Files/Pods-TaskHero-TaskHeroTests/Pods-TaskHero-TaskHeroTests-frameworks.sh\"\n";
			showEnvVarsInLog = 0;
		};
		6AB04827AB82F5F75E5F9081 /* [CP] Embed Pods Frameworks */ = {
			isa = PBXShellScriptBuildPhase;
			buildActionMask = 2147483647;
			files = (
			);
			inputPaths = (
			);
			name = "[CP] Embed Pods Frameworks";
			outputPaths = (
			);
			runOnlyForDeploymentPostprocessing = 0;
			shellPath = /bin/sh;
			shellScript = "\"${SRCROOT}/Pods/Target Support Files/Pods-TaskHero/Pods-TaskHero-frameworks.sh\"\n";
			showEnvVarsInLog = 0;
		};
		7A82D4CAC6B4BD9A8499793B /* [CP] Copy Pods Resources */ = {
			isa = PBXShellScriptBuildPhase;
			buildActionMask = 2147483647;
			files = (
			);
			inputPaths = (
			);
			name = "[CP] Copy Pods Resources";
			outputPaths = (
			);
			runOnlyForDeploymentPostprocessing = 0;
			shellPath = /bin/sh;
			shellScript = "\"${SRCROOT}/Pods/Target Support Files/Pods-TaskHero/Pods-TaskHero-resources.sh\"\n";
			showEnvVarsInLog = 0;
		};
		E5173A55AD43B3193540FBF3 /* [CP] Check Pods Manifest.lock */ = {
			isa = PBXShellScriptBuildPhase;
			buildActionMask = 2147483647;
			files = (
			);
			inputPaths = (
			);
			name = "[CP] Check Pods Manifest.lock";
			outputPaths = (
			);
			runOnlyForDeploymentPostprocessing = 0;
			shellPath = /bin/sh;
			shellScript = "diff \"${PODS_ROOT}/../Podfile.lock\" \"${PODS_ROOT}/Manifest.lock\" > /dev/null\nif [ $? != 0 ] ; then\n    # print error to STDERR\n    echo \"error: The sandbox is not in sync with the Podfile.lock. Run 'pod install' or update your CocoaPods installation.\" >&2\n    exit 1\nfi\n";
			showEnvVarsInLog = 0;
		};
/* End PBXShellScriptBuildPhase section */

/* Begin PBXSourcesBuildPhase section */
		A76562DD1DF991D000E29AA9 /* Sources */ = {
			isa = PBXSourcesBuildPhase;
			buildActionMask = 2147483647;
			files = (
				A76562E41DF991D000E29AA9 /* TaskHeroTests.swift in Sources */,
				A74553421E2346C9004300AA /* TaskHeroSpec.swift in Sources */,
			);
			runOnlyForDeploymentPostprocessing = 0;
		};
		AFE277AD1DB58CA2005C9AB5 /* Sources */ = {
			isa = PBXSourcesBuildPhase;
			buildActionMask = 2147483647;
			files = (
				A77FBCC91DEB74670014C380 /* BasePopView.swift in Sources */,
				A71C97891DFF718C00F855AA /* AddTaskViewModel.swift in Sources */,
				A709CACC1DE7718B00877907 /* LoginViewController.swift in Sources */,
				A709CAD41DE771EB00877907 /* ProfileDataCell.swift in Sources */,
				A7346D881DEA6A08005E3A5E /* DataPicker.swift in Sources */,
				A709CB0C1DE7735B00877907 /* SignupViewController.swift in Sources */,
				A709CAD91DE7720200877907 /* TaskCell.swift in Sources */,
				A709CAFC1DE7730D00877907 /* SignupView.swift in Sources */,
				A709CADE1DE7722300877907 /* String+Extension.swift in Sources */,
				A752A3541E4B1CDF006FD395 /* DataPersistence.swift in Sources */,
				A709CAE21DE7723800877907 /* TextfieldExtension.swift in Sources */,
				A709CACE1DE7719E00877907 /* AddTaskViewController.swift in Sources */,
				A709CAF81DE772F700877907 /* AddTaskView.swift in Sources */,
				A709CAFE1DE7731500877907 /* LoadingView.swift in Sources */,
				A767FBA41E0832A1007767B6 /* TaskCellViewModel.swift in Sources */,
				A76562D31DF93F4800E29AA9 /* InitialViewController.swift in Sources */,
				A709CAE61DE7725F00877907 /* SettingsCell.swift in Sources */,
				A7346D7A1DE90A0F005E3A5E /* PhotoPickerView.swift in Sources */,
				A709CB001DE7731F00877907 /* Constants.swift in Sources */,
				A77FBCC41DEB5B410014C380 /* NotificationView.swift in Sources */,
				A767FBA61E0836CC007767B6 /* ProfileSettingsCellViewModel.swift in Sources */,
				A709CAE41DE7724E00877907 /* UIView+Extension.swift in Sources */,
				A709CAF61DE772EC00877907 /* PopMenu.swift in Sources */,
				A714E17D1E3D0B8D0014F990 /* AppScreenViewModel.swift in Sources */,
				A7346D761DE8EC40005E3A5E /* PhotoPickerPopover.swift in Sources */,
				A76562DA1DF95B7500E29AA9 /* UINavigationBar+Extension.swift in Sources */,
				A709CB0A1DE7735000877907 /* SettingsViewController.swift in Sources */,
				A767FBA21E0830D5007767B6 /* SettingsCellViewModel.swift in Sources */,
				AFE277B51DB58CA2005C9AB5 /* AppDelegate.swift in Sources */,
				A708400A1DEB180800055B72 /* ProfileSettingsCell.swift in Sources */,
				A7C5A9C51E1B30F3003CBCC1 /* ProfileSettingsViewControllerDataSource.swift in Sources */,
				A70840001DEABB1700055B72 /* ProfileSettingsView.swift in Sources */,
				A709CADC1DE7721300877907 /* Date+Extension.swift in Sources */,
				A709CB041DE7733300877907 /* User.swift in Sources */,
				A7346D781DE8EC50005E3A5E /* AlertPopover.swift in Sources */,
				A77FBCC61DEB5B8C0014C380 /* NotificationPopover.swift in Sources */,
				A709CAD61DE771F400877907 /* ProfileBannerCell.swift in Sources */,
				A77FBCCB1DEB78880014C380 /* BasePopoverAlert.swift in Sources */,
				A709CAE01DE7722D00877907 /* UIColorExtension.swift in Sources */,
				A70840061DEABBE200055B72 /* FriendsSettingsViewController.swift in Sources */,
				A76562C61DF932E400E29AA9 /* ProfileHeaderModel.swift in Sources */,
				A77FBCCD1DEB8A190014C380 /* Helpers.swift in Sources */,
				A709CB121DE7737800877907 /* TaskListViewController.swift in Sources */,
				A7E991181E5A8BE1001CE354 /* Reachability.swift in Sources */,
				A709CAEE1DE7727E00877907 /* ProfileDataCellModel.swift in Sources */,
				A752A3521E4AB587006FD395 /* SharedTaskMethods.swift in Sources */,
				A7DF774A1E37185800FB2DCE /* Secrets.swift in Sources */,
				A767FBA81E0836F7007767B6 /* SignupViewModel.swift in Sources */,
				A709CB061DE7733C00877907 /* Task.swift in Sources */,
				A709CB021DE7732800877907 /* UserDataStore.swift in Sources */,
				A714E1791E3BF52E0014F990 /* HomeViewModel.swift in Sources */,
				A709CB101DE7737100877907 /* TabBarController.swift in Sources */,
				A76562D41DF93F4800E29AA9 /* InitView.swift in Sources */,
				A7346D7E1DE93688005E3A5E /* TaskButton.swift in Sources */,
				A714E17B1E3BFE190014F990 /* TaskListViewModel.swift in Sources */,
				A7E9911A1E5A8CBE001CE354 /* InternetStatus.swift in Sources */,
				A70CD5D71E1AD1DC00324DC3 /* LoginViewModel.swift in Sources */,
				A70840021DEABB2800055B72 /* ProfileSettingsViewController.swift in Sources */,
				A714E1751E3BEA8E0014F990 /* AppScreenView.swift in Sources */,
				A714E1771E3BEA980014F990 /* AppScreenViewController.swift in Sources */,
				A70840041DEABBD000055B72 /* FriendsSettingsView.swift in Sources */,
				A709CAF41DE772CD00877907 /* ProfileViewController.swift in Sources */,
				A7346D7C1DE90DF1005E3A5E /* AlertView.swift in Sources */,
				A709CAD01DE771B700877907 /* HomeViewController.swift in Sources */,
				A709CAD21DE771E100877907 /* ProfileHeaderCell.swift in Sources */,
				A709CACB1DE7718B00877907 /* LoginView.swift in Sources */,
				A7AFCDE11DF72C4B004D607C /* APIClient.swift in Sources */,
			);
			runOnlyForDeploymentPostprocessing = 0;
		};
/* End PBXSourcesBuildPhase section */

/* Begin PBXTargetDependency section */
		A76562E71DF991D000E29AA9 /* PBXTargetDependency */ = {
			isa = PBXTargetDependency;
			target = AFE277B01DB58CA2005C9AB5 /* TaskHero */;
			targetProxy = A76562E61DF991D000E29AA9 /* PBXContainerItemProxy */;
		};
/* End PBXTargetDependency section */

/* Begin PBXVariantGroup section */
		AFE277BD1DB58CA2005C9AB5 /* LaunchScreen.storyboard */ = {
			isa = PBXVariantGroup;
			children = (
				AFE277BE1DB58CA2005C9AB5 /* Base */,
			);
			name = LaunchScreen.storyboard;
			path = .;
			sourceTree = "<group>";
		};
/* End PBXVariantGroup section */

/* Begin XCBuildConfiguration section */
		A76562E91DF991D000E29AA9 /* Debug */ = {
			isa = XCBuildConfiguration;
			baseConfigurationReference = ACD79247934EC1235C48C258 /* Pods-TaskHero-TaskHeroTests.debug.xcconfig */;
			buildSettings = {
				ALWAYS_EMBED_SWIFT_STANDARD_LIBRARIES = YES;
				BUNDLE_LOADER = "$(TEST_HOST)";
				DEVELOPMENT_TEAM = 4SZP4Q326F;
				INFOPLIST_FILE = TaskHeroTests/Info.plist;
				IPHONEOS_DEPLOYMENT_TARGET = 10.1;
				LD_RUNPATH_SEARCH_PATHS = "$(inherited) @executable_path/Frameworks @loader_path/Frameworks";
				PRODUCT_BUNDLE_IDENTIFIER = com.froleeyo.TaskHeroTests;
				PRODUCT_NAME = "$(TARGET_NAME)";
				SWIFT_VERSION = 3.0;
				TEST_HOST = "$(BUILT_PRODUCTS_DIR)/TaskHero.app/TaskHero";
			};
			name = Debug;
		};
		A76562EA1DF991D000E29AA9 /* Release */ = {
			isa = XCBuildConfiguration;
			baseConfigurationReference = 5C871499BBBCB660C51A3B43 /* Pods-TaskHero-TaskHeroTests.release.xcconfig */;
			buildSettings = {
				ALWAYS_EMBED_SWIFT_STANDARD_LIBRARIES = YES;
				BUNDLE_LOADER = "$(TEST_HOST)";
				DEVELOPMENT_TEAM = 4SZP4Q326F;
				INFOPLIST_FILE = TaskHeroTests/Info.plist;
				IPHONEOS_DEPLOYMENT_TARGET = 10.1;
				LD_RUNPATH_SEARCH_PATHS = "$(inherited) @executable_path/Frameworks @loader_path/Frameworks";
				PRODUCT_BUNDLE_IDENTIFIER = com.froleeyo.TaskHeroTests;
				PRODUCT_NAME = "$(TARGET_NAME)";
				SWIFT_VERSION = 3.0;
				TEST_HOST = "$(BUILT_PRODUCTS_DIR)/TaskHero.app/TaskHero";
			};
			name = Release;
		};
		AFE277C11DB58CA2005C9AB5 /* Debug */ = {
			isa = XCBuildConfiguration;
			buildSettings = {
				ALWAYS_SEARCH_USER_PATHS = NO;
				CLANG_ANALYZER_NONNULL = YES;
				CLANG_CXX_LANGUAGE_STANDARD = "gnu++0x";
				CLANG_CXX_LIBRARY = "libc++";
				CLANG_ENABLE_MODULES = YES;
				CLANG_ENABLE_OBJC_ARC = YES;
				CLANG_WARN_BOOL_CONVERSION = YES;
				CLANG_WARN_CONSTANT_CONVERSION = YES;
				CLANG_WARN_DIRECT_OBJC_ISA_USAGE = YES_ERROR;
				CLANG_WARN_DOCUMENTATION_COMMENTS = YES;
				CLANG_WARN_EMPTY_BODY = YES;
				CLANG_WARN_ENUM_CONVERSION = YES;
				CLANG_WARN_INFINITE_RECURSION = YES;
				CLANG_WARN_INT_CONVERSION = YES;
				CLANG_WARN_OBJC_ROOT_CLASS = YES_ERROR;
				CLANG_WARN_SUSPICIOUS_MOVE = YES;
				CLANG_WARN_SUSPICIOUS_MOVES = YES;
				CLANG_WARN_UNREACHABLE_CODE = YES;
				CLANG_WARN__DUPLICATE_METHOD_MATCH = YES;
				"CODE_SIGN_IDENTITY[sdk=iphoneos*]" = "iPhone Developer";
				COPY_PHASE_STRIP = NO;
				DEBUG_INFORMATION_FORMAT = dwarf;
				ENABLE_STRICT_OBJC_MSGSEND = YES;
				ENABLE_TESTABILITY = YES;
				GCC_C_LANGUAGE_STANDARD = gnu99;
				GCC_DYNAMIC_NO_PIC = NO;
				GCC_NO_COMMON_BLOCKS = YES;
				GCC_OPTIMIZATION_LEVEL = 0;
				GCC_PREPROCESSOR_DEFINITIONS = (
					"DEBUG=1",
					"$(inherited)",
				);
				GCC_WARN_64_TO_32_BIT_CONVERSION = YES;
				GCC_WARN_ABOUT_RETURN_TYPE = YES_ERROR;
				GCC_WARN_UNDECLARED_SELECTOR = YES;
				GCC_WARN_UNINITIALIZED_AUTOS = YES_AGGRESSIVE;
				GCC_WARN_UNUSED_FUNCTION = YES;
				GCC_WARN_UNUSED_VARIABLE = YES;
				IPHONEOS_DEPLOYMENT_TARGET = 10.0;
				MTL_ENABLE_DEBUG_INFO = YES;
				ONLY_ACTIVE_ARCH = YES;
				SDKROOT = iphoneos;
				SWIFT_ACTIVE_COMPILATION_CONDITIONS = DEBUG;
				SWIFT_OPTIMIZATION_LEVEL = "-Onone";
			};
			name = Debug;
		};
		AFE277C21DB58CA2005C9AB5 /* Release */ = {
			isa = XCBuildConfiguration;
			buildSettings = {
				ALWAYS_SEARCH_USER_PATHS = NO;
				CLANG_ANALYZER_NONNULL = YES;
				CLANG_CXX_LANGUAGE_STANDARD = "gnu++0x";
				CLANG_CXX_LIBRARY = "libc++";
				CLANG_ENABLE_MODULES = YES;
				CLANG_ENABLE_OBJC_ARC = YES;
				CLANG_WARN_BOOL_CONVERSION = YES;
				CLANG_WARN_CONSTANT_CONVERSION = YES;
				CLANG_WARN_DIRECT_OBJC_ISA_USAGE = YES_ERROR;
				CLANG_WARN_DOCUMENTATION_COMMENTS = YES;
				CLANG_WARN_EMPTY_BODY = YES;
				CLANG_WARN_ENUM_CONVERSION = YES;
				CLANG_WARN_INFINITE_RECURSION = YES;
				CLANG_WARN_INT_CONVERSION = YES;
				CLANG_WARN_OBJC_ROOT_CLASS = YES_ERROR;
				CLANG_WARN_SUSPICIOUS_MOVE = YES;
				CLANG_WARN_SUSPICIOUS_MOVES = YES;
				CLANG_WARN_UNREACHABLE_CODE = YES;
				CLANG_WARN__DUPLICATE_METHOD_MATCH = YES;
				"CODE_SIGN_IDENTITY[sdk=iphoneos*]" = "iPhone Developer";
				COPY_PHASE_STRIP = NO;
				DEBUG_INFORMATION_FORMAT = "dwarf-with-dsym";
				ENABLE_NS_ASSERTIONS = NO;
				ENABLE_STRICT_OBJC_MSGSEND = YES;
				GCC_C_LANGUAGE_STANDARD = gnu99;
				GCC_NO_COMMON_BLOCKS = YES;
				GCC_WARN_64_TO_32_BIT_CONVERSION = YES;
				GCC_WARN_ABOUT_RETURN_TYPE = YES_ERROR;
				GCC_WARN_UNDECLARED_SELECTOR = YES;
				GCC_WARN_UNINITIALIZED_AUTOS = YES_AGGRESSIVE;
				GCC_WARN_UNUSED_FUNCTION = YES;
				GCC_WARN_UNUSED_VARIABLE = YES;
				IPHONEOS_DEPLOYMENT_TARGET = 10.0;
				MTL_ENABLE_DEBUG_INFO = NO;
				SDKROOT = iphoneos;
				SWIFT_OPTIMIZATION_LEVEL = "-Owholemodule";
				VALIDATE_PRODUCT = YES;
			};
			name = Release;
		};
		AFE277C41DB58CA2005C9AB5 /* Debug */ = {
			isa = XCBuildConfiguration;
			baseConfigurationReference = BB06DFD95BAD81D44FFB21D5 /* Pods-TaskHero.debug.xcconfig */;
			buildSettings = {
				ALWAYS_EMBED_SWIFT_STANDARD_LIBRARIES = YES;
				ASSETCATALOG_COMPILER_APPICON_NAME = AppIcon;
				ASSETCATALOG_COMPILER_LAUNCHIMAGE_NAME = LaunchImage;
				"CODE_SIGN_IDENTITY[sdk=iphoneos*]" = "iPhone Developer";
				DEVELOPMENT_TEAM = 4SZP4Q326F;
				INFOPLIST_FILE = TaskHero/Info.plist;
				IPHONEOS_DEPLOYMENT_TARGET = 9.3;
				LD_RUNPATH_SEARCH_PATHS = "$(inherited) @executable_path/Frameworks";
				PRODUCT_BUNDLE_IDENTIFIER = com.froleeyo.TaskHero;
				PRODUCT_NAME = "$(TARGET_NAME)";
				PROVISIONING_PROFILE = "";
				PROVISIONING_PROFILE_SPECIFIER = "";
				SWIFT_VERSION = 3.0;
				TARGETED_DEVICE_FAMILY = 1;
			};
			name = Debug;
		};
		AFE277C51DB58CA2005C9AB5 /* Release */ = {
			isa = XCBuildConfiguration;
			baseConfigurationReference = 91CD8A86197BE8140B3FABF1 /* Pods-TaskHero.release.xcconfig */;
			buildSettings = {
				ALWAYS_EMBED_SWIFT_STANDARD_LIBRARIES = YES;
				ASSETCATALOG_COMPILER_APPICON_NAME = AppIcon;
				ASSETCATALOG_COMPILER_LAUNCHIMAGE_NAME = LaunchImage;
				"CODE_SIGN_IDENTITY[sdk=iphoneos*]" = "iPhone Developer";
				DEVELOPMENT_TEAM = 4SZP4Q326F;
				INFOPLIST_FILE = TaskHero/Info.plist;
				IPHONEOS_DEPLOYMENT_TARGET = 9.3;
				LD_RUNPATH_SEARCH_PATHS = "$(inherited) @executable_path/Frameworks";
				PRODUCT_BUNDLE_IDENTIFIER = com.froleeyo.TaskHero;
				PRODUCT_NAME = "$(TARGET_NAME)";
				PROVISIONING_PROFILE = "";
				PROVISIONING_PROFILE_SPECIFIER = "";
				SWIFT_VERSION = 3.0;
				TARGETED_DEVICE_FAMILY = 1;
			};
			name = Release;
		};
/* End XCBuildConfiguration section */

/* Begin XCConfigurationList section */
		A76562E81DF991D000E29AA9 /* Build configuration list for PBXNativeTarget "TaskHeroTests" */ = {
			isa = XCConfigurationList;
			buildConfigurations = (
				A76562E91DF991D000E29AA9 /* Debug */,
				A76562EA1DF991D000E29AA9 /* Release */,
			);
			defaultConfigurationIsVisible = 0;
			defaultConfigurationName = Release;
		};
		AFE277AC1DB58CA2005C9AB5 /* Build configuration list for PBXProject "TaskHero" */ = {
			isa = XCConfigurationList;
			buildConfigurations = (
				AFE277C11DB58CA2005C9AB5 /* Debug */,
				AFE277C21DB58CA2005C9AB5 /* Release */,
			);
			defaultConfigurationIsVisible = 0;
			defaultConfigurationName = Release;
		};
		AFE277C31DB58CA2005C9AB5 /* Build configuration list for PBXNativeTarget "TaskHero" */ = {
			isa = XCConfigurationList;
			buildConfigurations = (
				AFE277C41DB58CA2005C9AB5 /* Debug */,
				AFE277C51DB58CA2005C9AB5 /* Release */,
			);
			defaultConfigurationIsVisible = 0;
			defaultConfigurationName = Release;
		};
/* End XCConfigurationList section */
	};
	rootObject = AFE277A91DB58CA2005C9AB5 /* Project object */;
}
