// !$*UTF8*$!
{
	archiveVersion = 1;
	classes = {
	};
	objectVersion = 46;
	objects = {

/* Begin PBXBuildFile section */
		7244712A81FA9B4EA164A8FA /* Pods_TaskHero.framework in Frameworks */ = {isa = PBXBuildFile; fileRef = 6291454E42D1009C8C01A53F /* Pods_TaskHero.framework */; };
		A70840001DEABB1700055B72 /* ProfileSettingsView.swift in Sources */ = {isa = PBXBuildFile; fileRef = A7083FFF1DEABB1700055B72 /* ProfileSettingsView.swift */; };
		A70840021DEABB2800055B72 /* ProfileSettingsViewController.swift in Sources */ = {isa = PBXBuildFile; fileRef = A70840011DEABB2800055B72 /* ProfileSettingsViewController.swift */; };
		A70840041DEABBD000055B72 /* FriendsSettingsView.swift in Sources */ = {isa = PBXBuildFile; fileRef = A70840031DEABBD000055B72 /* FriendsSettingsView.swift */; };
		A70840061DEABBE200055B72 /* FriendsSettingsViewController.swift in Sources */ = {isa = PBXBuildFile; fileRef = A70840051DEABBE200055B72 /* FriendsSettingsViewController.swift */; };
		A70840081DEB152F00055B72 /* BaseCell.swift in Sources */ = {isa = PBXBuildFile; fileRef = A70840071DEB152F00055B72 /* BaseCell.swift */; };
		A708400A1DEB180800055B72 /* ProfileSettingsCell.swift in Sources */ = {isa = PBXBuildFile; fileRef = A70840091DEB180800055B72 /* ProfileSettingsCell.swift */; };
		A709CACB1DE7718B00877907 /* LoginView.swift in Sources */ = {isa = PBXBuildFile; fileRef = A709CAC91DE7718B00877907 /* LoginView.swift */; };
		A709CACC1DE7718B00877907 /* LoginViewController.swift in Sources */ = {isa = PBXBuildFile; fileRef = A709CACA1DE7718B00877907 /* LoginViewController.swift */; };
		A709CACE1DE7719E00877907 /* AddTaskViewController.swift in Sources */ = {isa = PBXBuildFile; fileRef = A709CACD1DE7719E00877907 /* AddTaskViewController.swift */; };
		A709CAD01DE771B700877907 /* HomeViewController.swift in Sources */ = {isa = PBXBuildFile; fileRef = A709CACF1DE771B700877907 /* HomeViewController.swift */; };
		A709CAD21DE771E100877907 /* ProfileHeaderCell.swift in Sources */ = {isa = PBXBuildFile; fileRef = A709CAD11DE771E100877907 /* ProfileHeaderCell.swift */; };
		A709CAD41DE771EB00877907 /* ProfileDataCell.swift in Sources */ = {isa = PBXBuildFile; fileRef = A709CAD31DE771EB00877907 /* ProfileDataCell.swift */; };
		A709CAD61DE771F400877907 /* ProfileBannerCell.swift in Sources */ = {isa = PBXBuildFile; fileRef = A709CAD51DE771F400877907 /* ProfileBannerCell.swift */; };
		A709CAD91DE7720200877907 /* TaskCell.swift in Sources */ = {isa = PBXBuildFile; fileRef = A709CAD71DE7720200877907 /* TaskCell.swift */; };
		A709CADA1DE7720200877907 /* TaskHeaderCell.swift in Sources */ = {isa = PBXBuildFile; fileRef = A709CAD81DE7720200877907 /* TaskHeaderCell.swift */; };
		A709CADC1DE7721300877907 /* NSDate+Extension.swift in Sources */ = {isa = PBXBuildFile; fileRef = A709CADB1DE7721300877907 /* NSDate+Extension.swift */; };
		A709CADE1DE7722300877907 /* String+Extension.swift in Sources */ = {isa = PBXBuildFile; fileRef = A709CADD1DE7722300877907 /* String+Extension.swift */; };
		A709CAE01DE7722D00877907 /* UIColorExtension.swift in Sources */ = {isa = PBXBuildFile; fileRef = A709CADF1DE7722D00877907 /* UIColorExtension.swift */; };
		A709CAE21DE7723800877907 /* TextfieldExtension.swift in Sources */ = {isa = PBXBuildFile; fileRef = A709CAE11DE7723800877907 /* TextfieldExtension.swift */; };
		A709CAE41DE7724E00877907 /* UIView+Extension.swift in Sources */ = {isa = PBXBuildFile; fileRef = A709CAE31DE7724E00877907 /* UIView+Extension.swift */; };
		A709CAE61DE7725F00877907 /* SettingsCell.swift in Sources */ = {isa = PBXBuildFile; fileRef = A709CAE51DE7725F00877907 /* SettingsCell.swift */; };
		A709CAEA1DE7726D00877907 /* TeamBannerCell.swift in Sources */ = {isa = PBXBuildFile; fileRef = A709CAE71DE7726D00877907 /* TeamBannerCell.swift */; };
		A709CAEB1DE7726D00877907 /* TeamDataCell.swift in Sources */ = {isa = PBXBuildFile; fileRef = A709CAE81DE7726D00877907 /* TeamDataCell.swift */; };
		A709CAEC1DE7726D00877907 /* TeamHeaderCell.swift in Sources */ = {isa = PBXBuildFile; fileRef = A709CAE91DE7726D00877907 /* TeamHeaderCell.swift */; };
		A709CAEE1DE7727E00877907 /* ProfileDataCellModel.swift in Sources */ = {isa = PBXBuildFile; fileRef = A709CAED1DE7727E00877907 /* ProfileDataCellModel.swift */; };
		A709CAF01DE7728B00877907 /* ProfilePictureViewController.swift in Sources */ = {isa = PBXBuildFile; fileRef = A709CAEF1DE7728B00877907 /* ProfilePictureViewController.swift */; };
		A709CAF21DE772BF00877907 /* ProfilePictureView.swift in Sources */ = {isa = PBXBuildFile; fileRef = A709CAF11DE772BF00877907 /* ProfilePictureView.swift */; };
		A709CAF41DE772CD00877907 /* ProfileViewController.swift in Sources */ = {isa = PBXBuildFile; fileRef = A709CAF31DE772CD00877907 /* ProfileViewController.swift */; };
		A709CAF61DE772EC00877907 /* PopMenu.swift in Sources */ = {isa = PBXBuildFile; fileRef = A709CAF51DE772EC00877907 /* PopMenu.swift */; };
		A709CAF81DE772F700877907 /* AddTaskView.swift in Sources */ = {isa = PBXBuildFile; fileRef = A709CAF71DE772F700877907 /* AddTaskView.swift */; };
		A709CAFA1DE7730200877907 /* InitialView.swift in Sources */ = {isa = PBXBuildFile; fileRef = A709CAF91DE7730200877907 /* InitialView.swift */; };
		A709CAFC1DE7730D00877907 /* SignupView.swift in Sources */ = {isa = PBXBuildFile; fileRef = A709CAFB1DE7730D00877907 /* SignupView.swift */; };
		A709CAFE1DE7731500877907 /* LoadingView.swift in Sources */ = {isa = PBXBuildFile; fileRef = A709CAFD1DE7731500877907 /* LoadingView.swift */; };
		A709CB001DE7731F00877907 /* Constants.swift in Sources */ = {isa = PBXBuildFile; fileRef = A709CAFF1DE7731F00877907 /* Constants.swift */; };
		A709CB021DE7732800877907 /* DataStore.swift in Sources */ = {isa = PBXBuildFile; fileRef = A709CB011DE7732800877907 /* DataStore.swift */; };
		A709CB041DE7733300877907 /* User.swift in Sources */ = {isa = PBXBuildFile; fileRef = A709CB031DE7733300877907 /* User.swift */; };
		A709CB061DE7733C00877907 /* Task.swift in Sources */ = {isa = PBXBuildFile; fileRef = A709CB051DE7733C00877907 /* Task.swift */; };
		A709CB081DE7734700877907 /* RootContainerViewController.swift in Sources */ = {isa = PBXBuildFile; fileRef = A709CB071DE7734700877907 /* RootContainerViewController.swift */; };
		A709CB0A1DE7735000877907 /* SettingsViewController.swift in Sources */ = {isa = PBXBuildFile; fileRef = A709CB091DE7735000877907 /* SettingsViewController.swift */; };
		A709CB0C1DE7735B00877907 /* SignupViewController.swift in Sources */ = {isa = PBXBuildFile; fileRef = A709CB0B1DE7735B00877907 /* SignupViewController.swift */; };
		A709CB0E1DE7736800877907 /* SplashViewController.swift in Sources */ = {isa = PBXBuildFile; fileRef = A709CB0D1DE7736800877907 /* SplashViewController.swift */; };
		A709CB101DE7737100877907 /* TabBarController.swift in Sources */ = {isa = PBXBuildFile; fileRef = A709CB0F1DE7737100877907 /* TabBarController.swift */; };
		A709CB121DE7737800877907 /* TaskListViewController.swift in Sources */ = {isa = PBXBuildFile; fileRef = A709CB111DE7737800877907 /* TaskListViewController.swift */; };
		A709CB141DE7738C00877907 /* DB.swift in Sources */ = {isa = PBXBuildFile; fileRef = A709CB131DE7738C00877907 /* DB.swift */; };
		A709CB1E1DE777DC00877907 /* Auth.swift in Sources */ = {isa = PBXBuildFile; fileRef = A709CB1D1DE777DC00877907 /* Auth.swift */; };
		A709CB261DE77DBF00877907 /* DBFetch.swift in Sources */ = {isa = PBXBuildFile; fileRef = A709CB251DE77DBF00877907 /* DBFetch.swift */; };
		A713373D1DE8047E0030DDF2 /* AppManager.swift in Sources */ = {isa = PBXBuildFile; fileRef = A713373C1DE8047E0030DDF2 /* AppManager.swift */; };
		A7346D761DE8EC40005E3A5E /* PickerPopMenu.swift in Sources */ = {isa = PBXBuildFile; fileRef = A7346D751DE8EC40005E3A5E /* PickerPopMenu.swift */; };
		A7346D781DE8EC50005E3A5E /* AlertPopover.swift in Sources */ = {isa = PBXBuildFile; fileRef = A7346D771DE8EC50005E3A5E /* AlertPopover.swift */; };
		A7346D7A1DE90A0F005E3A5E /* PhotoPickerView.swift in Sources */ = {isa = PBXBuildFile; fileRef = A7346D791DE90A0F005E3A5E /* PhotoPickerView.swift */; };
		A7346D7C1DE90DF1005E3A5E /* AlertView.swift in Sources */ = {isa = PBXBuildFile; fileRef = A7346D7B1DE90DF1005E3A5E /* AlertView.swift */; };
		A7346D7E1DE93688005E3A5E /* TaskButton.swift in Sources */ = {isa = PBXBuildFile; fileRef = A7346D7D1DE93688005E3A5E /* TaskButton.swift */; };
		A7346D831DEA2541005E3A5E /* InitialViewController.swift in Sources */ = {isa = PBXBuildFile; fileRef = A7346D821DEA2541005E3A5E /* InitialViewController.swift */; };
		A7346D851DEA2552005E3A5E /* InitView.swift in Sources */ = {isa = PBXBuildFile; fileRef = A7346D841DEA2552005E3A5E /* InitView.swift */; };
		A7346D881DEA6A08005E3A5E /* DataPicker.swift in Sources */ = {isa = PBXBuildFile; fileRef = A7346D871DEA6A08005E3A5E /* DataPicker.swift */; };
		A77FBCC41DEB5B410014C380 /* NotificationView.swift in Sources */ = {isa = PBXBuildFile; fileRef = A77FBCC31DEB5B410014C380 /* NotificationView.swift */; };
		A77FBCC61DEB5B8C0014C380 /* NotificationPopover.swift in Sources */ = {isa = PBXBuildFile; fileRef = A77FBCC51DEB5B8C0014C380 /* NotificationPopover.swift */; };
		A77FBCC91DEB74670014C380 /* BasePopView.swift in Sources */ = {isa = PBXBuildFile; fileRef = A77FBCC81DEB74670014C380 /* BasePopView.swift */; };
		A77FBCCB1DEB78880014C380 /* BasePopoverAlert.swift in Sources */ = {isa = PBXBuildFile; fileRef = A77FBCCA1DEB78880014C380 /* BasePopoverAlert.swift */; };
		AFA3CEB41DB58E58003266CA /* GoogleService-Info.plist in Resources */ = {isa = PBXBuildFile; fileRef = AFA3CEB31DB58E58003266CA /* GoogleService-Info.plist */; };
		AFE277B51DB58CA2005C9AB5 /* AppDelegate.swift in Sources */ = {isa = PBXBuildFile; fileRef = AFE277B41DB58CA2005C9AB5 /* AppDelegate.swift */; };
		AFE277BC1DB58CA2005C9AB5 /* Assets.xcassets in Resources */ = {isa = PBXBuildFile; fileRef = AFE277BB1DB58CA2005C9AB5 /* Assets.xcassets */; };
		AFE277BF1DB58CA2005C9AB5 /* LaunchScreen.storyboard in Resources */ = {isa = PBXBuildFile; fileRef = AFE277BD1DB58CA2005C9AB5 /* LaunchScreen.storyboard */; };
/* End PBXBuildFile section */

/* Begin PBXFileReference section */
		6291454E42D1009C8C01A53F /* Pods_TaskHero.framework */ = {isa = PBXFileReference; explicitFileType = wrapper.framework; includeInIndex = 0; path = Pods_TaskHero.framework; sourceTree = BUILT_PRODUCTS_DIR; };
		91CD8A86197BE8140B3FABF1 /* Pods-TaskHero.release.xcconfig */ = {isa = PBXFileReference; includeInIndex = 1; lastKnownFileType = text.xcconfig; name = "Pods-TaskHero.release.xcconfig"; path = "Pods/Target Support Files/Pods-TaskHero/Pods-TaskHero.release.xcconfig"; sourceTree = "<group>"; };
		A7083FFF1DEABB1700055B72 /* ProfileSettingsView.swift */ = {isa = PBXFileReference; fileEncoding = 4; lastKnownFileType = sourcecode.swift; path = ProfileSettingsView.swift; sourceTree = "<group>"; };
		A70840011DEABB2800055B72 /* ProfileSettingsViewController.swift */ = {isa = PBXFileReference; fileEncoding = 4; lastKnownFileType = sourcecode.swift; path = ProfileSettingsViewController.swift; sourceTree = "<group>"; };
		A70840031DEABBD000055B72 /* FriendsSettingsView.swift */ = {isa = PBXFileReference; fileEncoding = 4; lastKnownFileType = sourcecode.swift; path = FriendsSettingsView.swift; sourceTree = "<group>"; };
		A70840051DEABBE200055B72 /* FriendsSettingsViewController.swift */ = {isa = PBXFileReference; fileEncoding = 4; lastKnownFileType = sourcecode.swift; path = FriendsSettingsViewController.swift; sourceTree = "<group>"; };
		A70840071DEB152F00055B72 /* BaseCell.swift */ = {isa = PBXFileReference; fileEncoding = 4; lastKnownFileType = sourcecode.swift; path = BaseCell.swift; sourceTree = "<group>"; };
		A70840091DEB180800055B72 /* ProfileSettingsCell.swift */ = {isa = PBXFileReference; fileEncoding = 4; lastKnownFileType = sourcecode.swift; path = ProfileSettingsCell.swift; sourceTree = "<group>"; };
		A709CAC91DE7718B00877907 /* LoginView.swift */ = {isa = PBXFileReference; fileEncoding = 4; lastKnownFileType = sourcecode.swift; path = LoginView.swift; sourceTree = "<group>"; };
		A709CACA1DE7718B00877907 /* LoginViewController.swift */ = {isa = PBXFileReference; fileEncoding = 4; lastKnownFileType = sourcecode.swift; path = LoginViewController.swift; sourceTree = "<group>"; };
		A709CACD1DE7719E00877907 /* AddTaskViewController.swift */ = {isa = PBXFileReference; fileEncoding = 4; lastKnownFileType = sourcecode.swift; path = AddTaskViewController.swift; sourceTree = "<group>"; };
		A709CACF1DE771B700877907 /* HomeViewController.swift */ = {isa = PBXFileReference; fileEncoding = 4; lastKnownFileType = sourcecode.swift; path = HomeViewController.swift; sourceTree = "<group>"; };
		A709CAD11DE771E100877907 /* ProfileHeaderCell.swift */ = {isa = PBXFileReference; fileEncoding = 4; lastKnownFileType = sourcecode.swift; path = ProfileHeaderCell.swift; sourceTree = "<group>"; };
		A709CAD31DE771EB00877907 /* ProfileDataCell.swift */ = {isa = PBXFileReference; fileEncoding = 4; lastKnownFileType = sourcecode.swift; path = ProfileDataCell.swift; sourceTree = "<group>"; };
		A709CAD51DE771F400877907 /* ProfileBannerCell.swift */ = {isa = PBXFileReference; fileEncoding = 4; lastKnownFileType = sourcecode.swift; path = ProfileBannerCell.swift; sourceTree = "<group>"; };
		A709CAD71DE7720200877907 /* TaskCell.swift */ = {isa = PBXFileReference; fileEncoding = 4; lastKnownFileType = sourcecode.swift; path = TaskCell.swift; sourceTree = "<group>"; };
		A709CAD81DE7720200877907 /* TaskHeaderCell.swift */ = {isa = PBXFileReference; fileEncoding = 4; lastKnownFileType = sourcecode.swift; path = TaskHeaderCell.swift; sourceTree = "<group>"; };
		A709CADB1DE7721300877907 /* NSDate+Extension.swift */ = {isa = PBXFileReference; fileEncoding = 4; lastKnownFileType = sourcecode.swift; path = "NSDate+Extension.swift"; sourceTree = "<group>"; };
		A709CADD1DE7722300877907 /* String+Extension.swift */ = {isa = PBXFileReference; fileEncoding = 4; lastKnownFileType = sourcecode.swift; path = "String+Extension.swift"; sourceTree = "<group>"; };
		A709CADF1DE7722D00877907 /* UIColorExtension.swift */ = {isa = PBXFileReference; fileEncoding = 4; lastKnownFileType = sourcecode.swift; path = UIColorExtension.swift; sourceTree = "<group>"; };
		A709CAE11DE7723800877907 /* TextfieldExtension.swift */ = {isa = PBXFileReference; fileEncoding = 4; lastKnownFileType = sourcecode.swift; path = TextfieldExtension.swift; sourceTree = "<group>"; };
		A709CAE31DE7724E00877907 /* UIView+Extension.swift */ = {isa = PBXFileReference; fileEncoding = 4; lastKnownFileType = sourcecode.swift; path = "UIView+Extension.swift"; sourceTree = "<group>"; };
		A709CAE51DE7725F00877907 /* SettingsCell.swift */ = {isa = PBXFileReference; fileEncoding = 4; lastKnownFileType = sourcecode.swift; path = SettingsCell.swift; sourceTree = "<group>"; };
		A709CAE71DE7726D00877907 /* TeamBannerCell.swift */ = {isa = PBXFileReference; fileEncoding = 4; lastKnownFileType = sourcecode.swift; path = TeamBannerCell.swift; sourceTree = "<group>"; };
		A709CAE81DE7726D00877907 /* TeamDataCell.swift */ = {isa = PBXFileReference; fileEncoding = 4; lastKnownFileType = sourcecode.swift; path = TeamDataCell.swift; sourceTree = "<group>"; };
		A709CAE91DE7726D00877907 /* TeamHeaderCell.swift */ = {isa = PBXFileReference; fileEncoding = 4; lastKnownFileType = sourcecode.swift; path = TeamHeaderCell.swift; sourceTree = "<group>"; };
		A709CAED1DE7727E00877907 /* ProfileDataCellModel.swift */ = {isa = PBXFileReference; fileEncoding = 4; lastKnownFileType = sourcecode.swift; path = ProfileDataCellModel.swift; sourceTree = "<group>"; };
		A709CAEF1DE7728B00877907 /* ProfilePictureViewController.swift */ = {isa = PBXFileReference; fileEncoding = 4; lastKnownFileType = sourcecode.swift; path = ProfilePictureViewController.swift; sourceTree = "<group>"; };
		A709CAF11DE772BF00877907 /* ProfilePictureView.swift */ = {isa = PBXFileReference; fileEncoding = 4; lastKnownFileType = sourcecode.swift; path = ProfilePictureView.swift; sourceTree = "<group>"; };
		A709CAF31DE772CD00877907 /* ProfileViewController.swift */ = {isa = PBXFileReference; fileEncoding = 4; lastKnownFileType = sourcecode.swift; path = ProfileViewController.swift; sourceTree = "<group>"; };
		A709CAF51DE772EC00877907 /* PopMenu.swift */ = {isa = PBXFileReference; fileEncoding = 4; lastKnownFileType = sourcecode.swift; path = PopMenu.swift; sourceTree = "<group>"; };
		A709CAF71DE772F700877907 /* AddTaskView.swift */ = {isa = PBXFileReference; fileEncoding = 4; lastKnownFileType = sourcecode.swift; path = AddTaskView.swift; sourceTree = "<group>"; };
		A709CAF91DE7730200877907 /* InitialView.swift */ = {isa = PBXFileReference; fileEncoding = 4; lastKnownFileType = sourcecode.swift; path = InitialView.swift; sourceTree = "<group>"; };
		A709CAFB1DE7730D00877907 /* SignupView.swift */ = {isa = PBXFileReference; fileEncoding = 4; lastKnownFileType = sourcecode.swift; path = SignupView.swift; sourceTree = "<group>"; };
		A709CAFD1DE7731500877907 /* LoadingView.swift */ = {isa = PBXFileReference; fileEncoding = 4; lastKnownFileType = sourcecode.swift; path = LoadingView.swift; sourceTree = "<group>"; };
		A709CAFF1DE7731F00877907 /* Constants.swift */ = {isa = PBXFileReference; fileEncoding = 4; lastKnownFileType = sourcecode.swift; path = Constants.swift; sourceTree = "<group>"; };
		A709CB011DE7732800877907 /* DataStore.swift */ = {isa = PBXFileReference; fileEncoding = 4; lastKnownFileType = sourcecode.swift; path = DataStore.swift; sourceTree = "<group>"; };
		A709CB031DE7733300877907 /* User.swift */ = {isa = PBXFileReference; fileEncoding = 4; lastKnownFileType = sourcecode.swift; path = User.swift; sourceTree = "<group>"; };
		A709CB051DE7733C00877907 /* Task.swift */ = {isa = PBXFileReference; fileEncoding = 4; lastKnownFileType = sourcecode.swift; path = Task.swift; sourceTree = "<group>"; };
		A709CB071DE7734700877907 /* RootContainerViewController.swift */ = {isa = PBXFileReference; fileEncoding = 4; lastKnownFileType = sourcecode.swift; path = RootContainerViewController.swift; sourceTree = "<group>"; };
		A709CB091DE7735000877907 /* SettingsViewController.swift */ = {isa = PBXFileReference; fileEncoding = 4; lastKnownFileType = sourcecode.swift; path = SettingsViewController.swift; sourceTree = "<group>"; };
		A709CB0B1DE7735B00877907 /* SignupViewController.swift */ = {isa = PBXFileReference; fileEncoding = 4; lastKnownFileType = sourcecode.swift; path = SignupViewController.swift; sourceTree = "<group>"; };
		A709CB0D1DE7736800877907 /* SplashViewController.swift */ = {isa = PBXFileReference; fileEncoding = 4; lastKnownFileType = sourcecode.swift; path = SplashViewController.swift; sourceTree = "<group>"; };
		A709CB0F1DE7737100877907 /* TabBarController.swift */ = {isa = PBXFileReference; fileEncoding = 4; lastKnownFileType = sourcecode.swift; path = TabBarController.swift; sourceTree = "<group>"; };
		A709CB111DE7737800877907 /* TaskListViewController.swift */ = {isa = PBXFileReference; fileEncoding = 4; lastKnownFileType = sourcecode.swift; path = TaskListViewController.swift; sourceTree = "<group>"; };
		A709CB131DE7738C00877907 /* DB.swift */ = {isa = PBXFileReference; fileEncoding = 4; lastKnownFileType = sourcecode.swift; path = DB.swift; sourceTree = "<group>"; };
		A709CB1D1DE777DC00877907 /* Auth.swift */ = {isa = PBXFileReference; fileEncoding = 4; lastKnownFileType = sourcecode.swift; path = Auth.swift; sourceTree = "<group>"; };
		A709CB251DE77DBF00877907 /* DBFetch.swift */ = {isa = PBXFileReference; fileEncoding = 4; lastKnownFileType = sourcecode.swift; path = DBFetch.swift; sourceTree = "<group>"; };
		A713373C1DE8047E0030DDF2 /* AppManager.swift */ = {isa = PBXFileReference; fileEncoding = 4; lastKnownFileType = sourcecode.swift; path = AppManager.swift; sourceTree = "<group>"; };
		A7346D751DE8EC40005E3A5E /* PickerPopMenu.swift */ = {isa = PBXFileReference; fileEncoding = 4; lastKnownFileType = sourcecode.swift; path = PickerPopMenu.swift; sourceTree = "<group>"; };
		A7346D771DE8EC50005E3A5E /* AlertPopover.swift */ = {isa = PBXFileReference; fileEncoding = 4; lastKnownFileType = sourcecode.swift; path = AlertPopover.swift; sourceTree = "<group>"; };
		A7346D791DE90A0F005E3A5E /* PhotoPickerView.swift */ = {isa = PBXFileReference; fileEncoding = 4; lastKnownFileType = sourcecode.swift; path = PhotoPickerView.swift; sourceTree = "<group>"; };
		A7346D7B1DE90DF1005E3A5E /* AlertView.swift */ = {isa = PBXFileReference; fileEncoding = 4; lastKnownFileType = sourcecode.swift; path = AlertView.swift; sourceTree = "<group>"; };
		A7346D7D1DE93688005E3A5E /* TaskButton.swift */ = {isa = PBXFileReference; fileEncoding = 4; lastKnownFileType = sourcecode.swift; path = TaskButton.swift; sourceTree = "<group>"; };
		A7346D821DEA2541005E3A5E /* InitialViewController.swift */ = {isa = PBXFileReference; fileEncoding = 4; lastKnownFileType = sourcecode.swift; path = InitialViewController.swift; sourceTree = "<group>"; };
		A7346D841DEA2552005E3A5E /* InitView.swift */ = {isa = PBXFileReference; fileEncoding = 4; lastKnownFileType = sourcecode.swift; path = InitView.swift; sourceTree = "<group>"; };
		A7346D871DEA6A08005E3A5E /* DataPicker.swift */ = {isa = PBXFileReference; fileEncoding = 4; lastKnownFileType = sourcecode.swift; path = DataPicker.swift; sourceTree = "<group>"; };
		A77FBCC31DEB5B410014C380 /* NotificationView.swift */ = {isa = PBXFileReference; fileEncoding = 4; lastKnownFileType = sourcecode.swift; path = NotificationView.swift; sourceTree = "<group>"; };
		A77FBCC51DEB5B8C0014C380 /* NotificationPopover.swift */ = {isa = PBXFileReference; fileEncoding = 4; lastKnownFileType = sourcecode.swift; path = NotificationPopover.swift; sourceTree = "<group>"; };
		A77FBCC81DEB74670014C380 /* BasePopView.swift */ = {isa = PBXFileReference; fileEncoding = 4; lastKnownFileType = sourcecode.swift; path = BasePopView.swift; sourceTree = "<group>"; };
		A77FBCCA1DEB78880014C380 /* BasePopoverAlert.swift */ = {isa = PBXFileReference; fileEncoding = 4; lastKnownFileType = sourcecode.swift; path = BasePopoverAlert.swift; sourceTree = "<group>"; };
		A7CF6ACF1DDB8FE700B28A5A /* Info.plist */ = {isa = PBXFileReference; fileEncoding = 4; lastKnownFileType = text.plist.xml; path = Info.plist; sourceTree = "<group>"; };
		AFA3CEB31DB58E58003266CA /* GoogleService-Info.plist */ = {isa = PBXFileReference; fileEncoding = 4; lastKnownFileType = text.plist.xml; path = "GoogleService-Info.plist"; sourceTree = "<group>"; };
		AFE277B11DB58CA2005C9AB5 /* TaskHero.app */ = {isa = PBXFileReference; explicitFileType = wrapper.application; includeInIndex = 0; path = TaskHero.app; sourceTree = BUILT_PRODUCTS_DIR; };
		AFE277B41DB58CA2005C9AB5 /* AppDelegate.swift */ = {isa = PBXFileReference; lastKnownFileType = sourcecode.swift; path = AppDelegate.swift; sourceTree = "<group>"; };
		AFE277BB1DB58CA2005C9AB5 /* Assets.xcassets */ = {isa = PBXFileReference; lastKnownFileType = folder.assetcatalog; path = Assets.xcassets; sourceTree = "<group>"; };
		AFE277BE1DB58CA2005C9AB5 /* Base */ = {isa = PBXFileReference; lastKnownFileType = file.storyboard; name = Base; path = Base.lproj/LaunchScreen.storyboard; sourceTree = "<group>"; };
		BB06DFD95BAD81D44FFB21D5 /* Pods-TaskHero.debug.xcconfig */ = {isa = PBXFileReference; includeInIndex = 1; lastKnownFileType = text.xcconfig; name = "Pods-TaskHero.debug.xcconfig"; path = "Pods/Target Support Files/Pods-TaskHero/Pods-TaskHero.debug.xcconfig"; sourceTree = "<group>"; };
/* End PBXFileReference section */

/* Begin PBXFrameworksBuildPhase section */
		AFE277AE1DB58CA2005C9AB5 /* Frameworks */ = {
			isa = PBXFrameworksBuildPhase;
			buildActionMask = 2147483647;
			files = (
				7244712A81FA9B4EA164A8FA /* Pods_TaskHero.framework in Frameworks */,
			);
			runOnlyForDeploymentPostprocessing = 0;
		};
/* End PBXFrameworksBuildPhase section */

/* Begin PBXGroup section */
		32A0D354D912F6F8E761029F /* Frameworks */ = {
			isa = PBXGroup;
			children = (
				6291454E42D1009C8C01A53F /* Pods_TaskHero.framework */,
			);
			name = Frameworks;
			sourceTree = "<group>";
		};
		965D6B7FFE51D9CB52C88246 /* Pods */ = {
			isa = PBXGroup;
			children = (
				BB06DFD95BAD81D44FFB21D5 /* Pods-TaskHero.debug.xcconfig */,
				91CD8A86197BE8140B3FABF1 /* Pods-TaskHero.release.xcconfig */,
			);
			name = Pods;
			sourceTree = "<group>";
		};
		A709CAC81DE7711900877907 /* Login */ = {
			isa = PBXGroup;
			children = (
				A709CAC91DE7718B00877907 /* LoginView.swift */,
				A709CACA1DE7718B00877907 /* LoginViewController.swift */,
			);
			path = Login;
			sourceTree = "<group>";
		};
		A709CB151DE773D200877907 /* Signup */ = {
			isa = PBXGroup;
			children = (
				A709CAFB1DE7730D00877907 /* SignupView.swift */,
				A709CB0B1DE7735B00877907 /* SignupViewController.swift */,
			);
			path = Signup;
			sourceTree = "<group>";
		};
		A709CB161DE7745500877907 /* Home */ = {
			isa = PBXGroup;
			children = (
				A709CACF1DE771B700877907 /* HomeViewController.swift */,
			);
			path = Home;
			sourceTree = "<group>";
		};
		A709CB171DE7748F00877907 /* Settings */ = {
			isa = PBXGroup;
			children = (
				A709CAE51DE7725F00877907 /* SettingsCell.swift */,
				A70840091DEB180800055B72 /* ProfileSettingsCell.swift */,
				A709CB091DE7735000877907 /* SettingsViewController.swift */,
				A7083FFF1DEABB1700055B72 /* ProfileSettingsView.swift */,
				A70840011DEABB2800055B72 /* ProfileSettingsViewController.swift */,
				A70840031DEABBD000055B72 /* FriendsSettingsView.swift */,
				A70840051DEABBE200055B72 /* FriendsSettingsViewController.swift */,
			);
			path = Settings;
			sourceTree = "<group>";
		};
		A709CB181DE7754600877907 /* Shared */ = {
			isa = PBXGroup;
			children = (
				A709CB211DE77C1300877907 /* Extensions */,
				A709CB221DE77C2600877907 /* Variables */,
				A709CB231DE77C2E00877907 /* Views */,
			);
			path = Shared;
			sourceTree = "<group>";
		};
		A709CB191DE775A300877907 /* ProfilePicture */ = {
			isa = PBXGroup;
			children = (
				A709CAF11DE772BF00877907 /* ProfilePictureView.swift */,
				A709CAEF1DE7728B00877907 /* ProfilePictureViewController.swift */,
			);
			path = ProfilePicture;
			sourceTree = "<group>";
		};
		A709CB1A1DE7772900877907 /* Tasks */ = {
			isa = PBXGroup;
			children = (
				A709CB051DE7733C00877907 /* Task.swift */,
			);
			path = Tasks;
			sourceTree = "<group>";
		};
		A709CB1B1DE7773200877907 /* User */ = {
			isa = PBXGroup;
			children = (
				A709CB031DE7733300877907 /* User.swift */,
			);
			path = User;
			sourceTree = "<group>";
		};
		A709CB1C1DE777A900877907 /* Splash */ = {
			isa = PBXGroup;
			children = (
				A709CAF91DE7730200877907 /* InitialView.swift */,
				A709CB0D1DE7736800877907 /* SplashViewController.swift */,
			);
			path = Splash;
			sourceTree = "<group>";
		};
		A709CB1F1DE77BC600877907 /* Auth */ = {
			isa = PBXGroup;
			children = (
				A709CB1D1DE777DC00877907 /* Auth.swift */,
			);
			path = Auth;
			sourceTree = "<group>";
		};
		A709CB201DE77BEB00877907 /* DataServices */ = {
			isa = PBXGroup;
			children = (
				A709CB131DE7738C00877907 /* DB.swift */,
				A709CB251DE77DBF00877907 /* DBFetch.swift */,
			);
			path = DataServices;
			sourceTree = "<group>";
		};
		A709CB211DE77C1300877907 /* Extensions */ = {
			isa = PBXGroup;
			children = (
				A709CADB1DE7721300877907 /* NSDate+Extension.swift */,
				A709CADD1DE7722300877907 /* String+Extension.swift */,
				A709CAE11DE7723800877907 /* TextfieldExtension.swift */,
				A709CADF1DE7722D00877907 /* UIColorExtension.swift */,
				A709CAE31DE7724E00877907 /* UIView+Extension.swift */,
			);
			path = Extensions;
			sourceTree = "<group>";
		};
		A709CB221DE77C2600877907 /* Variables */ = {
			isa = PBXGroup;
			children = (
				A709CAFF1DE7731F00877907 /* Constants.swift */,
			);
			path = Variables;
			sourceTree = "<group>";
		};
		A709CB231DE77C2E00877907 /* Views */ = {
			isa = PBXGroup;
			children = (
				A709CAFD1DE7731500877907 /* LoadingView.swift */,
				A709CAF51DE772EC00877907 /* PopMenu.swift */,
				A7346D751DE8EC40005E3A5E /* PickerPopMenu.swift */,
				A7346D771DE8EC50005E3A5E /* AlertPopover.swift */,
				A709CB071DE7734700877907 /* RootContainerViewController.swift */,
				A709CB0F1DE7737100877907 /* TabBarController.swift */,
				A7346D791DE90A0F005E3A5E /* PhotoPickerView.swift */,
				A7346D7B1DE90DF1005E3A5E /* AlertView.swift */,
				A77FBCC31DEB5B410014C380 /* NotificationView.swift */,
				A77FBCC51DEB5B8C0014C380 /* NotificationPopover.swift */,
				A7346D871DEA6A08005E3A5E /* DataPicker.swift */,
				A7346D7D1DE93688005E3A5E /* TaskButton.swift */,
				A70840071DEB152F00055B72 /* BaseCell.swift */,
				A77FBCC81DEB74670014C380 /* BasePopView.swift */,
				A77FBCCA1DEB78880014C380 /* BasePopoverAlert.swift */,
			);
			path = Views;
			sourceTree = "<group>";
		};
		A709CB241DE77C7700877907 /* AddTask */ = {
			isa = PBXGroup;
			children = (
				A709CAF71DE772F700877907 /* AddTaskView.swift */,
				A709CACD1DE7719E00877907 /* AddTaskViewController.swift */,
			);
			path = AddTask;
			sourceTree = "<group>";
		};
		A7346D7F1DEA249C005E3A5E /* Application */ = {
			isa = PBXGroup;
			children = (
				A713373C1DE8047E0030DDF2 /* AppManager.swift */,
			);
			name = Application;
			sourceTree = "<group>";
		};
		A7346D861DEA255A005E3A5E /* InitialView */ = {
			isa = PBXGroup;
			children = (
				A7346D821DEA2541005E3A5E /* InitialViewController.swift */,
				A7346D841DEA2552005E3A5E /* InitView.swift */,
			);
			name = InitialView;
			sourceTree = "<group>";
		};
		AF18D86C1DBD8165002A3372 /* Profile */ = {
			isa = PBXGroup;
			children = (
				A709CAD51DE771F400877907 /* ProfileBannerCell.swift */,
				A709CAD31DE771EB00877907 /* ProfileDataCell.swift */,
				A709CAED1DE7727E00877907 /* ProfileDataCellModel.swift */,
				A709CAD11DE771E100877907 /* ProfileHeaderCell.swift */,
				A709CAF31DE772CD00877907 /* ProfileViewController.swift */,
			);
			path = Profile;
			sourceTree = "<group>";
		};
		AF18D86D1DBD816E002A3372 /* Team */ = {
			isa = PBXGroup;
			children = (
				A709CAE71DE7726D00877907 /* TeamBannerCell.swift */,
				A709CAE81DE7726D00877907 /* TeamDataCell.swift */,
				A709CAE91DE7726D00877907 /* TeamHeaderCell.swift */,
			);
			path = Team;
			sourceTree = "<group>";
		};
		AFA3CE8A1DB58DDB003266CA /* UI */ = {
			isa = PBXGroup;
			children = (
				A709CB241DE77C7700877907 /* AddTask */,
				A709CB161DE7745500877907 /* Home */,
				A709CAC81DE7711900877907 /* Login */,
				AF18D86C1DBD8165002A3372 /* Profile */,
				A709CB191DE775A300877907 /* ProfilePicture */,
				A709CB171DE7748F00877907 /* Settings */,
				A709CB181DE7754600877907 /* Shared */,
				A709CB151DE773D200877907 /* Signup */,
				A709CB1C1DE777A900877907 /* Splash */,
				AFE9E6BF1DBDA76E0023C232 /* Task */,
				AF18D86D1DBD816E002A3372 /* Team */,
				A7346D861DEA255A005E3A5E /* InitialView */,
			);
			path = UI;
			sourceTree = "<group>";
		};
		AFA3CE8D1DB58DF7003266CA /* Networking */ = {
			isa = PBXGroup;
			children = (
				A709CB1F1DE77BC600877907 /* Auth */,
				A709CB201DE77BEB00877907 /* DataServices */,
				A709CB011DE7732800877907 /* DataStore.swift */,
			);
			path = Networking;
			sourceTree = "<group>";
		};
		AFA3CEA91DB58E2E003266CA /* Models */ = {
			isa = PBXGroup;
			children = (
				A709CB1A1DE7772900877907 /* Tasks */,
				A709CB1B1DE7773200877907 /* User */,
			);
			path = Models;
			sourceTree = "<group>";
		};
		AFE277A81DB58CA2005C9AB5 = {
			isa = PBXGroup;
			children = (
				32A0D354D912F6F8E761029F /* Frameworks */,
				965D6B7FFE51D9CB52C88246 /* Pods */,
				AFE277B21DB58CA2005C9AB5 /* Products */,
				AFE277B31DB58CA2005C9AB5 /* TaskHero */,
			);
			sourceTree = "<group>";
		};
		AFE277B21DB58CA2005C9AB5 /* Products */ = {
			isa = PBXGroup;
			children = (
				AFE277B11DB58CA2005C9AB5 /* TaskHero.app */,
			);
			name = Products;
			sourceTree = "<group>";
		};
		AFE277B31DB58CA2005C9AB5 /* TaskHero */ = {
			isa = PBXGroup;
			children = (
				AFA3CEA91DB58E2E003266CA /* Models */,
				AFA3CE8D1DB58DF7003266CA /* Networking */,
				A7346D7F1DEA249C005E3A5E /* Application */,
				AFA3CE8A1DB58DDB003266CA /* UI */,
				AFE277B41DB58CA2005C9AB5 /* AppDelegate.swift */,
				AFE277BB1DB58CA2005C9AB5 /* Assets.xcassets */,
				AFA3CEB31DB58E58003266CA /* GoogleService-Info.plist */,
				A7CF6ACF1DDB8FE700B28A5A /* Info.plist */,
				AFE277BD1DB58CA2005C9AB5 /* LaunchScreen.storyboard */,
			);
			path = TaskHero;
			sourceTree = "<group>";
		};
		AFE9E6BF1DBDA76E0023C232 /* Task */ = {
			isa = PBXGroup;
			children = (
				A709CAD71DE7720200877907 /* TaskCell.swift */,
				A709CAD81DE7720200877907 /* TaskHeaderCell.swift */,
				A709CB111DE7737800877907 /* TaskListViewController.swift */,
			);
			path = Task;
			sourceTree = "<group>";
		};
/* End PBXGroup section */

/* Begin PBXNativeTarget section */
		AFE277B01DB58CA2005C9AB5 /* TaskHero */ = {
			isa = PBXNativeTarget;
			buildConfigurationList = AFE277C31DB58CA2005C9AB5 /* Build configuration list for PBXNativeTarget "TaskHero" */;
			buildPhases = (
				E5173A55AD43B3193540FBF3 /* [CP] Check Pods Manifest.lock */,
				AFE277AD1DB58CA2005C9AB5 /* Sources */,
				AFE277AE1DB58CA2005C9AB5 /* Frameworks */,
				AFE277AF1DB58CA2005C9AB5 /* Resources */,
				6AB04827AB82F5F75E5F9081 /* [CP] Embed Pods Frameworks */,
				7A82D4CAC6B4BD9A8499793B /* [CP] Copy Pods Resources */,
			);
			buildRules = (
			);
			dependencies = (
			);
			name = TaskHero;
			productName = TaskHero;
			productReference = AFE277B11DB58CA2005C9AB5 /* TaskHero.app */;
			productType = "com.apple.product-type.application";
		};
/* End PBXNativeTarget section */

/* Begin PBXProject section */
		AFE277A91DB58CA2005C9AB5 /* Project object */ = {
			isa = PBXProject;
			attributes = {
				LastSwiftUpdateCheck = 0800;
				LastUpgradeCheck = 0810;
				ORGANIZATIONNAME = "Christopher Webb-Orenstein";
				TargetAttributes = {
					AFE277B01DB58CA2005C9AB5 = {
						CreatedOnToolsVersion = 8.0;
						DevelopmentTeam = 4SZP4Q326F;
						ProvisioningStyle = Automatic;
					};
				};
			};
			buildConfigurationList = AFE277AC1DB58CA2005C9AB5 /* Build configuration list for PBXProject "TaskHero" */;
			compatibilityVersion = "Xcode 3.2";
			developmentRegion = English;
			hasScannedForEncodings = 0;
			knownRegions = (
				en,
				Base,
			);
			mainGroup = AFE277A81DB58CA2005C9AB5;
			productRefGroup = AFE277B21DB58CA2005C9AB5 /* Products */;
			projectDirPath = "";
			projectRoot = "";
			targets = (
				AFE277B01DB58CA2005C9AB5 /* TaskHero */,
			);
		};
/* End PBXProject section */

/* Begin PBXResourcesBuildPhase section */
		AFE277AF1DB58CA2005C9AB5 /* Resources */ = {
			isa = PBXResourcesBuildPhase;
			buildActionMask = 2147483647;
			files = (
				AFE277BF1DB58CA2005C9AB5 /* LaunchScreen.storyboard in Resources */,
				AFA3CEB41DB58E58003266CA /* GoogleService-Info.plist in Resources */,
				AFE277BC1DB58CA2005C9AB5 /* Assets.xcassets in Resources */,
			);
			runOnlyForDeploymentPostprocessing = 0;
		};
/* End PBXResourcesBuildPhase section */

/* Begin PBXShellScriptBuildPhase section */
		6AB04827AB82F5F75E5F9081 /* [CP] Embed Pods Frameworks */ = {
			isa = PBXShellScriptBuildPhase;
			buildActionMask = 2147483647;
			files = (
			);
			inputPaths = (
			);
			name = "[CP] Embed Pods Frameworks";
			outputPaths = (
			);
			runOnlyForDeploymentPostprocessing = 0;
			shellPath = /bin/sh;
			shellScript = "\"${SRCROOT}/Pods/Target Support Files/Pods-TaskHero/Pods-TaskHero-frameworks.sh\"\n";
			showEnvVarsInLog = 0;
		};
		7A82D4CAC6B4BD9A8499793B /* [CP] Copy Pods Resources */ = {
			isa = PBXShellScriptBuildPhase;
			buildActionMask = 2147483647;
			files = (
			);
			inputPaths = (
			);
			name = "[CP] Copy Pods Resources";
			outputPaths = (
			);
			runOnlyForDeploymentPostprocessing = 0;
			shellPath = /bin/sh;
			shellScript = "\"${SRCROOT}/Pods/Target Support Files/Pods-TaskHero/Pods-TaskHero-resources.sh\"\n";
			showEnvVarsInLog = 0;
		};
		E5173A55AD43B3193540FBF3 /* [CP] Check Pods Manifest.lock */ = {
			isa = PBXShellScriptBuildPhase;
			buildActionMask = 2147483647;
			files = (
			);
			inputPaths = (
			);
			name = "[CP] Check Pods Manifest.lock";
			outputPaths = (
			);
			runOnlyForDeploymentPostprocessing = 0;
			shellPath = /bin/sh;
			shellScript = "diff \"${PODS_ROOT}/../Podfile.lock\" \"${PODS_ROOT}/Manifest.lock\" > /dev/null\nif [ $? != 0 ] ; then\n    # print error to STDERR\n    echo \"error: The sandbox is not in sync with the Podfile.lock. Run 'pod install' or update your CocoaPods installation.\" >&2\n    exit 1\nfi\n";
			showEnvVarsInLog = 0;
		};
/* End PBXShellScriptBuildPhase section */

/* Begin PBXSourcesBuildPhase section */
		AFE277AD1DB58CA2005C9AB5 /* Sources */ = {
			isa = PBXSourcesBuildPhase;
			buildActionMask = 2147483647;
			files = (
				A77FBCC91DEB74670014C380 /* BasePopView.swift in Sources */,
				A709CACC1DE7718B00877907 /* LoginViewController.swift in Sources */,
				A709CB261DE77DBF00877907 /* DBFetch.swift in Sources */,
				A709CAD41DE771EB00877907 /* ProfileDataCell.swift in Sources */,
				A7346D881DEA6A08005E3A5E /* DataPicker.swift in Sources */,
				A709CB0C1DE7735B00877907 /* SignupViewController.swift in Sources */,
				A709CAD91DE7720200877907 /* TaskCell.swift in Sources */,
				A709CAFC1DE7730D00877907 /* SignupView.swift in Sources */,
				A709CADE1DE7722300877907 /* String+Extension.swift in Sources */,
				A709CAE21DE7723800877907 /* TextfieldExtension.swift in Sources */,
				A709CACE1DE7719E00877907 /* AddTaskViewController.swift in Sources */,
				A709CAEA1DE7726D00877907 /* TeamBannerCell.swift in Sources */,
				A709CAF81DE772F700877907 /* AddTaskView.swift in Sources */,
				A709CAFE1DE7731500877907 /* LoadingView.swift in Sources */,
				A709CAE61DE7725F00877907 /* SettingsCell.swift in Sources */,
				A7346D7A1DE90A0F005E3A5E /* PhotoPickerView.swift in Sources */,
				A709CB001DE7731F00877907 /* Constants.swift in Sources */,
				A7346D831DEA2541005E3A5E /* InitialViewController.swift in Sources */,
				A77FBCC41DEB5B410014C380 /* NotificationView.swift in Sources */,
				A709CADA1DE7720200877907 /* TaskHeaderCell.swift in Sources */,
				A70840081DEB152F00055B72 /* BaseCell.swift in Sources */,
				A709CAE41DE7724E00877907 /* UIView+Extension.swift in Sources */,
				A709CB1E1DE777DC00877907 /* Auth.swift in Sources */,
				A709CAEC1DE7726D00877907 /* TeamHeaderCell.swift in Sources */,
				A709CAF21DE772BF00877907 /* ProfilePictureView.swift in Sources */,
				A709CAF61DE772EC00877907 /* PopMenu.swift in Sources */,
				A709CAEB1DE7726D00877907 /* TeamDataCell.swift in Sources */,
				A713373D1DE8047E0030DDF2 /* AppManager.swift in Sources */,
				A709CAF01DE7728B00877907 /* ProfilePictureViewController.swift in Sources */,
				A7346D761DE8EC40005E3A5E /* PickerPopMenu.swift in Sources */,
				A709CB0A1DE7735000877907 /* SettingsViewController.swift in Sources */,
				AFE277B51DB58CA2005C9AB5 /* AppDelegate.swift in Sources */,
				A708400A1DEB180800055B72 /* ProfileSettingsCell.swift in Sources */,
				A70840001DEABB1700055B72 /* ProfileSettingsView.swift in Sources */,
				A709CADC1DE7721300877907 /* NSDate+Extension.swift in Sources */,
				A709CB041DE7733300877907 /* User.swift in Sources */,
				A7346D781DE8EC50005E3A5E /* AlertPopover.swift in Sources */,
				A77FBCC61DEB5B8C0014C380 /* NotificationPopover.swift in Sources */,
				A709CAD61DE771F400877907 /* ProfileBannerCell.swift in Sources */,
				A77FBCCB1DEB78880014C380 /* BasePopoverAlert.swift in Sources */,
				A709CAE01DE7722D00877907 /* UIColorExtension.swift in Sources */,
				A70840061DEABBE200055B72 /* FriendsSettingsViewController.swift in Sources */,
				A709CB081DE7734700877907 /* RootContainerViewController.swift in Sources */,
				A709CB121DE7737800877907 /* TaskListViewController.swift in Sources */,
				A709CAEE1DE7727E00877907 /* ProfileDataCellModel.swift in Sources */,
				A709CB061DE7733C00877907 /* Task.swift in Sources */,
				A709CB021DE7732800877907 /* DataStore.swift in Sources */,
				A709CB101DE7737100877907 /* TabBarController.swift in Sources */,
				A7346D7E1DE93688005E3A5E /* TaskButton.swift in Sources */,
				A709CB141DE7738C00877907 /* DB.swift in Sources */,
				A70840021DEABB2800055B72 /* ProfileSettingsViewController.swift in Sources */,
				A709CAFA1DE7730200877907 /* InitialView.swift in Sources */,
				A70840041DEABBD000055B72 /* FriendsSettingsView.swift in Sources */,
				A709CAF41DE772CD00877907 /* ProfileViewController.swift in Sources */,
				A7346D7C1DE90DF1005E3A5E /* AlertView.swift in Sources */,
				A709CAD01DE771B700877907 /* HomeViewController.swift in Sources */,
				A709CAD21DE771E100877907 /* ProfileHeaderCell.swift in Sources */,
				A709CACB1DE7718B00877907 /* LoginView.swift in Sources */,
				A7346D851DEA2552005E3A5E /* InitView.swift in Sources */,
				A709CB0E1DE7736800877907 /* SplashViewController.swift in Sources */,
			);
			runOnlyForDeploymentPostprocessing = 0;
		};
/* End PBXSourcesBuildPhase section */

/* Begin PBXVariantGroup section */
		AFE277BD1DB58CA2005C9AB5 /* LaunchScreen.storyboard */ = {
			isa = PBXVariantGroup;
			children = (
				AFE277BE1DB58CA2005C9AB5 /* Base */,
			);
			name = LaunchScreen.storyboard;
			path = .;
			sourceTree = "<group>";
		};
/* End PBXVariantGroup section */

/* Begin XCBuildConfiguration section */
		AFE277C11DB58CA2005C9AB5 /* Debug */ = {
			isa = XCBuildConfiguration;
			buildSettings = {
				ALWAYS_SEARCH_USER_PATHS = NO;
				CLANG_ANALYZER_NONNULL = YES;
				CLANG_CXX_LANGUAGE_STANDARD = "gnu++0x";
				CLANG_CXX_LIBRARY = "libc++";
				CLANG_ENABLE_MODULES = YES;
				CLANG_ENABLE_OBJC_ARC = YES;
				CLANG_WARN_BOOL_CONVERSION = YES;
				CLANG_WARN_CONSTANT_CONVERSION = YES;
				CLANG_WARN_DIRECT_OBJC_ISA_USAGE = YES_ERROR;
				CLANG_WARN_DOCUMENTATION_COMMENTS = YES;
				CLANG_WARN_EMPTY_BODY = YES;
				CLANG_WARN_ENUM_CONVERSION = YES;
				CLANG_WARN_INFINITE_RECURSION = YES;
				CLANG_WARN_INT_CONVERSION = YES;
				CLANG_WARN_OBJC_ROOT_CLASS = YES_ERROR;
				CLANG_WARN_SUSPICIOUS_MOVE = YES;
				CLANG_WARN_SUSPICIOUS_MOVES = YES;
				CLANG_WARN_UNREACHABLE_CODE = YES;
				CLANG_WARN__DUPLICATE_METHOD_MATCH = YES;
				"CODE_SIGN_IDENTITY[sdk=iphoneos*]" = "iPhone Developer";
				COPY_PHASE_STRIP = NO;
				DEBUG_INFORMATION_FORMAT = dwarf;
				ENABLE_STRICT_OBJC_MSGSEND = YES;
				ENABLE_TESTABILITY = YES;
				GCC_C_LANGUAGE_STANDARD = gnu99;
				GCC_DYNAMIC_NO_PIC = NO;
				GCC_NO_COMMON_BLOCKS = YES;
				GCC_OPTIMIZATION_LEVEL = 0;
				GCC_PREPROCESSOR_DEFINITIONS = (
					"DEBUG=1",
					"$(inherited)",
				);
				GCC_WARN_64_TO_32_BIT_CONVERSION = YES;
				GCC_WARN_ABOUT_RETURN_TYPE = YES_ERROR;
				GCC_WARN_UNDECLARED_SELECTOR = YES;
				GCC_WARN_UNINITIALIZED_AUTOS = YES_AGGRESSIVE;
				GCC_WARN_UNUSED_FUNCTION = YES;
				GCC_WARN_UNUSED_VARIABLE = YES;
				IPHONEOS_DEPLOYMENT_TARGET = 10.0;
				MTL_ENABLE_DEBUG_INFO = YES;
				ONLY_ACTIVE_ARCH = YES;
				SDKROOT = iphoneos;
				SWIFT_ACTIVE_COMPILATION_CONDITIONS = DEBUG;
				SWIFT_OPTIMIZATION_LEVEL = "-Onone";
			};
			name = Debug;
		};
		AFE277C21DB58CA2005C9AB5 /* Release */ = {
			isa = XCBuildConfiguration;
			buildSettings = {
				ALWAYS_SEARCH_USER_PATHS = NO;
				CLANG_ANALYZER_NONNULL = YES;
				CLANG_CXX_LANGUAGE_STANDARD = "gnu++0x";
				CLANG_CXX_LIBRARY = "libc++";
				CLANG_ENABLE_MODULES = YES;
				CLANG_ENABLE_OBJC_ARC = YES;
				CLANG_WARN_BOOL_CONVERSION = YES;
				CLANG_WARN_CONSTANT_CONVERSION = YES;
				CLANG_WARN_DIRECT_OBJC_ISA_USAGE = YES_ERROR;
				CLANG_WARN_DOCUMENTATION_COMMENTS = YES;
				CLANG_WARN_EMPTY_BODY = YES;
				CLANG_WARN_ENUM_CONVERSION = YES;
				CLANG_WARN_INFINITE_RECURSION = YES;
				CLANG_WARN_INT_CONVERSION = YES;
				CLANG_WARN_OBJC_ROOT_CLASS = YES_ERROR;
				CLANG_WARN_SUSPICIOUS_MOVE = YES;
				CLANG_WARN_SUSPICIOUS_MOVES = YES;
				CLANG_WARN_UNREACHABLE_CODE = YES;
				CLANG_WARN__DUPLICATE_METHOD_MATCH = YES;
				"CODE_SIGN_IDENTITY[sdk=iphoneos*]" = "iPhone Developer";
				COPY_PHASE_STRIP = NO;
				DEBUG_INFORMATION_FORMAT = "dwarf-with-dsym";
				ENABLE_NS_ASSERTIONS = NO;
				ENABLE_STRICT_OBJC_MSGSEND = YES;
				GCC_C_LANGUAGE_STANDARD = gnu99;
				GCC_NO_COMMON_BLOCKS = YES;
				GCC_WARN_64_TO_32_BIT_CONVERSION = YES;
				GCC_WARN_ABOUT_RETURN_TYPE = YES_ERROR;
				GCC_WARN_UNDECLARED_SELECTOR = YES;
				GCC_WARN_UNINITIALIZED_AUTOS = YES_AGGRESSIVE;
				GCC_WARN_UNUSED_FUNCTION = YES;
				GCC_WARN_UNUSED_VARIABLE = YES;
				IPHONEOS_DEPLOYMENT_TARGET = 10.0;
				MTL_ENABLE_DEBUG_INFO = NO;
				SDKROOT = iphoneos;
				SWIFT_OPTIMIZATION_LEVEL = "-Owholemodule";
				VALIDATE_PRODUCT = YES;
			};
			name = Release;
		};
		AFE277C41DB58CA2005C9AB5 /* Debug */ = {
			isa = XCBuildConfiguration;
			baseConfigurationReference = BB06DFD95BAD81D44FFB21D5 /* Pods-TaskHero.debug.xcconfig */;
			buildSettings = {
				ASSETCATALOG_COMPILER_APPICON_NAME = AppIcon;
				ASSETCATALOG_COMPILER_LAUNCHIMAGE_NAME = LaunchImage;
				"CODE_SIGN_IDENTITY[sdk=iphoneos*]" = "iPhone Developer";
				DEVELOPMENT_TEAM = 4SZP4Q326F;
				INFOPLIST_FILE = TaskHero/Info.plist;
				IPHONEOS_DEPLOYMENT_TARGET = 9.3;
				LD_RUNPATH_SEARCH_PATHS = "$(inherited) @executable_path/Frameworks";
				PRODUCT_BUNDLE_IDENTIFIER = com.froleeyo.TaskHero;
				PRODUCT_NAME = "$(TARGET_NAME)";
				PROVISIONING_PROFILE = "";
				PROVISIONING_PROFILE_SPECIFIER = "";
				SWIFT_VERSION = 3.0;
				TARGETED_DEVICE_FAMILY = 1;
			};
			name = Debug;
		};
		AFE277C51DB58CA2005C9AB5 /* Release */ = {
			isa = XCBuildConfiguration;
			baseConfigurationReference = 91CD8A86197BE8140B3FABF1 /* Pods-TaskHero.release.xcconfig */;
			buildSettings = {
				ASSETCATALOG_COMPILER_APPICON_NAME = AppIcon;
				ASSETCATALOG_COMPILER_LAUNCHIMAGE_NAME = LaunchImage;
				"CODE_SIGN_IDENTITY[sdk=iphoneos*]" = "iPhone Developer";
				DEVELOPMENT_TEAM = 4SZP4Q326F;
				INFOPLIST_FILE = TaskHero/Info.plist;
				IPHONEOS_DEPLOYMENT_TARGET = 9.3;
				LD_RUNPATH_SEARCH_PATHS = "$(inherited) @executable_path/Frameworks";
				PRODUCT_BUNDLE_IDENTIFIER = com.froleeyo.TaskHero;
				PRODUCT_NAME = "$(TARGET_NAME)";
				PROVISIONING_PROFILE = "";
				PROVISIONING_PROFILE_SPECIFIER = "";
				SWIFT_VERSION = 3.0;
				TARGETED_DEVICE_FAMILY = 1;
			};
			name = Release;
		};
/* End XCBuildConfiguration section */

/* Begin XCConfigurationList section */
		AFE277AC1DB58CA2005C9AB5 /* Build configuration list for PBXProject "TaskHero" */ = {
			isa = XCConfigurationList;
			buildConfigurations = (
				AFE277C11DB58CA2005C9AB5 /* Debug */,
				AFE277C21DB58CA2005C9AB5 /* Release */,
			);
			defaultConfigurationIsVisible = 0;
			defaultConfigurationName = Release;
		};
		AFE277C31DB58CA2005C9AB5 /* Build configuration list for PBXNativeTarget "TaskHero" */ = {
			isa = XCConfigurationList;
			buildConfigurations = (
				AFE277C41DB58CA2005C9AB5 /* Debug */,
				AFE277C51DB58CA2005C9AB5 /* Release */,
			);
			defaultConfigurationIsVisible = 0;
			defaultConfigurationName = Release;
		};
/* End XCConfigurationList section */
	};
	rootObject = AFE277A91DB58CA2005C9AB5 /* Project object */;
}
